// !$*UTF8*$!
{
	archiveVersion = 1;
	classes = {
	};
	objectVersion = 46;
	objects = {

/* Begin PBXBuildFile section */
		0927075E141E4C7800E778AE /* MapKit.framework in Frameworks */ = {isa = PBXBuildFile; fileRef = 0927075D141E4C7800E778AE /* MapKit.framework */; };
		09270761141E4E2B00E778AE /* StringHelper.m in Sources */ = {isa = PBXBuildFile; fileRef = 09270760141E4E2B00E778AE /* StringHelper.m */; };
		09270764141E4EC900E778AE /* DataHelper.m in Sources */ = {isa = PBXBuildFile; fileRef = 09270763141E4EC900E778AE /* DataHelper.m */; };
		09270769141E52BB00E778AE /* CoreLocation.framework in Frameworks */ = {isa = PBXBuildFile; fileRef = 09270768141E52BB00E778AE /* CoreLocation.framework */; };
		092D3D2C145AE54E002F5F6C /* AFURLCache.m in Sources */ = {isa = PBXBuildFile; fileRef = 092D3D2B145AE54E002F5F6C /* AFURLCache.m */; };
		093EC38B145B0DE90010CDBB /* AFHTTPClient.m in Sources */ = {isa = PBXBuildFile; fileRef = 093EC377145B0DE90010CDBB /* AFHTTPClient.m */; };
		093EC38C145B0DE90010CDBB /* AFHTTPRequestOperation.m in Sources */ = {isa = PBXBuildFile; fileRef = 093EC379145B0DE90010CDBB /* AFHTTPRequestOperation.m */; };
		093EC38D145B0DE90010CDBB /* AFImageCache.m in Sources */ = {isa = PBXBuildFile; fileRef = 093EC37B145B0DE90010CDBB /* AFImageCache.m */; };
		093EC38E145B0DE90010CDBB /* AFImageRequestOperation.m in Sources */ = {isa = PBXBuildFile; fileRef = 093EC37D145B0DE90010CDBB /* AFImageRequestOperation.m */; };
		093EC38F145B0DE90010CDBB /* AFJSONRequestOperation.m in Sources */ = {isa = PBXBuildFile; fileRef = 093EC37F145B0DE90010CDBB /* AFJSONRequestOperation.m */; };
		093EC390145B0DE90010CDBB /* AFNetworkActivityIndicatorManager.m in Sources */ = {isa = PBXBuildFile; fileRef = 093EC381145B0DE90010CDBB /* AFNetworkActivityIndicatorManager.m */; };
		093EC391145B0DE90010CDBB /* AFPropertyListRequestOperation.m in Sources */ = {isa = PBXBuildFile; fileRef = 093EC384145B0DE90010CDBB /* AFPropertyListRequestOperation.m */; };
		093EC392145B0DE90010CDBB /* AFURLConnectionOperation.m in Sources */ = {isa = PBXBuildFile; fileRef = 093EC386145B0DE90010CDBB /* AFURLConnectionOperation.m */; };
		093EC393145B0DE90010CDBB /* AFXMLRequestOperation.m in Sources */ = {isa = PBXBuildFile; fileRef = 093EC388145B0DE90010CDBB /* AFXMLRequestOperation.m */; };
		093EC394145B0DE90010CDBB /* UIImageView+AFNetworking.m in Sources */ = {isa = PBXBuildFile; fileRef = 093EC38A145B0DE90010CDBB /* UIImageView+AFNetworking.m */; };
		09507B261459B92800CEBABF /* CoreGraphics.framework in Frameworks */ = {isa = PBXBuildFile; fileRef = 09885E981418F2E600CCE17A /* CoreGraphics.framework */; };
		09885E951418F2E500CCE17A /* UIKit.framework in Frameworks */ = {isa = PBXBuildFile; fileRef = 09885E941418F2E500CCE17A /* UIKit.framework */; };
		09885E971418F2E500CCE17A /* Foundation.framework in Frameworks */ = {isa = PBXBuildFile; fileRef = 09885E961418F2E500CCE17A /* Foundation.framework */; };
		09885E9F1418F2E600CCE17A /* InfoPlist.strings in Resources */ = {isa = PBXBuildFile; fileRef = 09885E9D1418F2E600CCE17A /* InfoPlist.strings */; };
		09885EA11418F2E600CCE17A /* main.m in Sources */ = {isa = PBXBuildFile; fileRef = 09885EA01418F2E600CCE17A /* main.m */; };
		09885EA51418F2E600CCE17A /* IOSBoilerplateAppDelegate.m in Sources */ = {isa = PBXBuildFile; fileRef = 09885EA41418F2E600CCE17A /* IOSBoilerplateAppDelegate.m */; };
		09885EA81418F2E600CCE17A /* MainWindow.xib in Resources */ = {isa = PBXBuildFile; fileRef = 09885EA61418F2E600CCE17A /* MainWindow.xib */; };
		09885F421418FFE000CCE17A /* SVProgressHUD.bundle in Resources */ = {isa = PBXBuildFile; fileRef = 09885F3F1418FFE000CCE17A /* SVProgressHUD.bundle */; };
		09885F431418FFE000CCE17A /* SVProgressHUD.m in Sources */ = {isa = PBXBuildFile; fileRef = 09885F411418FFE000CCE17A /* SVProgressHUD.m */; };
		09885F451419009200CCE17A /* QuartzCore.framework in Frameworks */ = {isa = PBXBuildFile; fileRef = 09885F441419009200CCE17A /* QuartzCore.framework */; };
		09885F48141901E700CCE17A /* DictionaryHelper.m in Sources */ = {isa = PBXBuildFile; fileRef = 09885F47141901E700CCE17A /* DictionaryHelper.m */; };
		09885F4C1419028D00CCE17A /* JSONKit.m in Sources */ = {isa = PBXBuildFile; fileRef = 09885F4B1419028D00CCE17A /* JSONKit.m */; };
		09885F5914190D7900CCE17A /* FastCell.m in Sources */ = {isa = PBXBuildFile; fileRef = 09885F5814190D7900CCE17A /* FastCell.m */; };
		09E442BB141F96A900AD2DAE /* EGORefreshTableHeaderView.m in Sources */ = {isa = PBXBuildFile; fileRef = 09E442BA141F96A900AD2DAE /* EGORefreshTableHeaderView.m */; };
		09E442C6141F970400AD2DAE /* blackArrow.png in Resources */ = {isa = PBXBuildFile; fileRef = 09E442BE141F970400AD2DAE /* blackArrow.png */; };
		09E442C7141F970400AD2DAE /* blackArrow@2x.png in Resources */ = {isa = PBXBuildFile; fileRef = 09E442BF141F970400AD2DAE /* blackArrow@2x.png */; };
		09E442C8141F970400AD2DAE /* blueArrow.png in Resources */ = {isa = PBXBuildFile; fileRef = 09E442C0141F970400AD2DAE /* blueArrow.png */; };
		09E442C9141F970400AD2DAE /* blueArrow@2x.png in Resources */ = {isa = PBXBuildFile; fileRef = 09E442C1141F970400AD2DAE /* blueArrow@2x.png */; };
		09E442CA141F970400AD2DAE /* grayArrow.png in Resources */ = {isa = PBXBuildFile; fileRef = 09E442C2141F970400AD2DAE /* grayArrow.png */; };
		09E442CB141F970400AD2DAE /* grayArrow@2x.png in Resources */ = {isa = PBXBuildFile; fileRef = 09E442C3141F970400AD2DAE /* grayArrow@2x.png */; };
		09E442CC141F970400AD2DAE /* whiteArrow.png in Resources */ = {isa = PBXBuildFile; fileRef = 09E442C4141F970400AD2DAE /* whiteArrow.png */; };
		09E442CD141F970400AD2DAE /* whiteArrow@2x.png in Resources */ = {isa = PBXBuildFile; fileRef = 09E442C5141F970400AD2DAE /* whiteArrow@2x.png */; };
		09E442D0141F97AE00AD2DAE /* ListViewController.m in Sources */ = {isa = PBXBuildFile; fileRef = 09E442CF141F97AE00AD2DAE /* ListViewController.m */; };
		827F6436146BD3CC001AE249 /* TabsController.m in Sources */ = {isa = PBXBuildFile; fileRef = 827F6435146BD3CC001AE249 /* TabsController.m */; };
		828D65F9146BDEBB009F8014 /* SettingsController.m in Sources */ = {isa = PBXBuildFile; fileRef = 828D65F8146BDEBB009F8014 /* SettingsController.m */; };
		82B5F6E4146C0BE300C97A53 /* ContentsController.m in Sources */ = {isa = PBXBuildFile; fileRef = 82B5F6E3146C0BE300C97A53 /* ContentsController.m */; };
		82D05AA3147D070800425217 /* bg_cellext.png in Resources */ = {isa = PBXBuildFile; fileRef = 82D05AA2147D070800425217 /* bg_cellext.png */; };
		82D05AAA147D0A1200425217 /* btnGreen.png in Resources */ = {isa = PBXBuildFile; fileRef = 82D05AA4147D0A1100425217 /* btnGreen.png */; };
		82D05AAB147D0A1200425217 /* btnGreen@2x.png in Resources */ = {isa = PBXBuildFile; fileRef = 82D05AA5147D0A1100425217 /* btnGreen@2x.png */; };
		82D05AAC147D0A1200425217 /* btnGrey.png in Resources */ = {isa = PBXBuildFile; fileRef = 82D05AA6147D0A1200425217 /* btnGrey.png */; };
		82D05AAD147D0A1200425217 /* btnGrey@2x.png in Resources */ = {isa = PBXBuildFile; fileRef = 82D05AA7147D0A1200425217 /* btnGrey@2x.png */; };
		82D05AAE147D0A1200425217 /* btnOrange.png in Resources */ = {isa = PBXBuildFile; fileRef = 82D05AA8147D0A1200425217 /* btnOrange.png */; };
		82D05AAF147D0A1200425217 /* btnOrange@2x.png in Resources */ = {isa = PBXBuildFile; fileRef = 82D05AA9147D0A1200425217 /* btnOrange@2x.png */; };
		82D05AB1147D0F1D00425217 /* bg_cell_alt.png in Resources */ = {isa = PBXBuildFile; fileRef = 82D05AB0147D0F1D00425217 /* bg_cell_alt.png */; };
		82FB9F03146C298E008CF0AA /* RecordListController.m in Sources */ = {isa = PBXBuildFile; fileRef = 82FB9F02146C298E008CF0AA /* RecordListController.m */; };
		D8EA24C4145BA49100EB08B3 /* BrowserViewController.m in Sources */ = {isa = PBXBuildFile; fileRef = D8EA24C0145BA49100EB08B3 /* BrowserViewController.m */; };
		D8EA24C5145BA49100EB08B3 /* BrowserViewController.xib in Resources */ = {isa = PBXBuildFile; fileRef = D8EA24C1145BA49100EB08B3 /* BrowserViewController.xib */; };
		D8EA24C6145BA49100EB08B3 /* MyApplication.m in Sources */ = {isa = PBXBuildFile; fileRef = D8EA24C3145BA49100EB08B3 /* MyApplication.m */; };
		D8EA24CC145BA4AC00EB08B3 /* left.png in Resources */ = {isa = PBXBuildFile; fileRef = D8EA24C8145BA4AC00EB08B3 /* left.png */; };
		D8EA24CD145BA4AC00EB08B3 /* left@2x.png in Resources */ = {isa = PBXBuildFile; fileRef = D8EA24C9145BA4AC00EB08B3 /* left@2x.png */; };
		D8EA24CE145BA4AC00EB08B3 /* right.png in Resources */ = {isa = PBXBuildFile; fileRef = D8EA24CA145BA4AC00EB08B3 /* right.png */; };
		D8EA24CF145BA4AC00EB08B3 /* right@2x.png in Resources */ = {isa = PBXBuildFile; fileRef = D8EA24CB145BA4AC00EB08B3 /* right@2x.png */; };
		E104C89F147168BA000F9065 /* pen_alt_stroke_12x12.png in Resources */ = {isa = PBXBuildFile; fileRef = E104C89E147168BA000F9065 /* pen_alt_stroke_12x12.png */; };
		E104C8A214716990000F9065 /* document_stroke_16x16.png in Resources */ = {isa = PBXBuildFile; fileRef = E104C8A014716990000F9065 /* document_stroke_16x16.png */; };
		E104C8A314716990000F9065 /* trash_stroke_12x12.png in Resources */ = {isa = PBXBuildFile; fileRef = E104C8A114716990000F9065 /* trash_stroke_12x12.png */; };
		E104C8A6147171C0000F9065 /* RecordEditController.m in Sources */ = {isa = PBXBuildFile; fileRef = E104C8A5147171C0000F9065 /* RecordEditController.m */; };
		E12A2FD81464279500E4249C /* LoginController.m in Sources */ = {isa = PBXBuildFile; fileRef = E12A2FD71464279500E4249C /* LoginController.m */; };
		E145EB1C147BBE84004845F9 /* bg_cell.png in Resources */ = {isa = PBXBuildFile; fileRef = E145EB1B147BBE84004845F9 /* bg_cell.png */; };
		E145EB20147BC19A004845F9 /* SideAlert.m in Sources */ = {isa = PBXBuildFile; fileRef = E145EB1F147BC19A004845F9 /* SideAlert.m */; };
		E151040F1464394200CEF7C1 /* QBadgeElement.m in Sources */ = {isa = PBXBuildFile; fileRef = E15103CB1464394200CEF7C1 /* QBadgeElement.m */; };
		E15104101464394200CEF7C1 /* QBadgeTableCell.m in Sources */ = {isa = PBXBuildFile; fileRef = E15103CD1464394200CEF7C1 /* QBadgeTableCell.m */; };
		E15104111464394200CEF7C1 /* QBooleanElement.m in Sources */ = {isa = PBXBuildFile; fileRef = E15103CF1464394200CEF7C1 /* QBooleanElement.m */; };
		E15104121464394200CEF7C1 /* QButtonElement.m in Sources */ = {isa = PBXBuildFile; fileRef = E15103D11464394200CEF7C1 /* QButtonElement.m */; };
		E15104131464394200CEF7C1 /* QDateEntryTableViewCell.m in Sources */ = {isa = PBXBuildFile; fileRef = E15103D31464394200CEF7C1 /* QDateEntryTableViewCell.m */; };
		E15104141464394200CEF7C1 /* QDateTimeElement.m in Sources */ = {isa = PBXBuildFile; fileRef = E15103D51464394200CEF7C1 /* QDateTimeElement.m */; };
		E15104151464394200CEF7C1 /* QDateTimeInlineElement.m in Sources */ = {isa = PBXBuildFile; fileRef = E15103D71464394200CEF7C1 /* QDateTimeInlineElement.m */; };
		E15104161464394200CEF7C1 /* QDecimalElement.m in Sources */ = {isa = PBXBuildFile; fileRef = E15103D91464394200CEF7C1 /* QDecimalElement.m */; };
		E15104171464394200CEF7C1 /* QDecimalTableViewCell.m in Sources */ = {isa = PBXBuildFile; fileRef = E15103DB1464394200CEF7C1 /* QDecimalTableViewCell.m */; };
		E15104181464394200CEF7C1 /* QElement.m in Sources */ = {isa = PBXBuildFile; fileRef = E15103DD1464394200CEF7C1 /* QElement.m */; };
		E15104191464394200CEF7C1 /* QEmptyListElement.m in Sources */ = {isa = PBXBuildFile; fileRef = E15103DF1464394200CEF7C1 /* QEmptyListElement.m */; };
		E151041A1464394200CEF7C1 /* QEntryElement.m in Sources */ = {isa = PBXBuildFile; fileRef = E15103E11464394200CEF7C1 /* QEntryElement.m */; };
		E151041B1464394200CEF7C1 /* QEntryTableViewCell.m in Sources */ = {isa = PBXBuildFile; fileRef = E15103E31464394200CEF7C1 /* QEntryTableViewCell.m */; };
		E151041C1464394200CEF7C1 /* QFloatElement.m in Sources */ = {isa = PBXBuildFile; fileRef = E15103E51464394200CEF7C1 /* QFloatElement.m */; };
		E151041D1464394200CEF7C1 /* QLabelElement.m in Sources */ = {isa = PBXBuildFile; fileRef = E15103E71464394200CEF7C1 /* QLabelElement.m */; };
		E151041E1464394200CEF7C1 /* QMapAnnotation.m in Sources */ = {isa = PBXBuildFile; fileRef = E15103E91464394200CEF7C1 /* QMapAnnotation.m */; };
		E151041F1464394200CEF7C1 /* QMapElement.m in Sources */ = {isa = PBXBuildFile; fileRef = E15103EB1464394200CEF7C1 /* QMapElement.m */; };
		E15104201464394200CEF7C1 /* QMapViewController.m in Sources */ = {isa = PBXBuildFile; fileRef = E15103ED1464394200CEF7C1 /* QMapViewController.m */; };
		E15104211464394200CEF7C1 /* QRadioElement.m in Sources */ = {isa = PBXBuildFile; fileRef = E15103EF1464394200CEF7C1 /* QRadioElement.m */; };
		E15104221464394200CEF7C1 /* QRadioItemElement.m in Sources */ = {isa = PBXBuildFile; fileRef = E15103F11464394200CEF7C1 /* QRadioItemElement.m */; };
		E15104231464394200CEF7C1 /* QRadioSection.m in Sources */ = {isa = PBXBuildFile; fileRef = E15103F31464394200CEF7C1 /* QRadioSection.m */; };
		E15104241464394200CEF7C1 /* QRootElement+JSONBuilder.m in Sources */ = {isa = PBXBuildFile; fileRef = E15103F51464394200CEF7C1 /* QRootElement+JSONBuilder.m */; };
		E15104251464394200CEF7C1 /* QRootElement.m in Sources */ = {isa = PBXBuildFile; fileRef = E15103F71464394200CEF7C1 /* QRootElement.m */; };
		E15104261464394200CEF7C1 /* QSection.m in Sources */ = {isa = PBXBuildFile; fileRef = E15103F91464394200CEF7C1 /* QSection.m */; };
		E15104271464394200CEF7C1 /* QSortingSection.m in Sources */ = {isa = PBXBuildFile; fileRef = E15103FB1464394200CEF7C1 /* QSortingSection.m */; };
		E15104281464394200CEF7C1 /* QTextElement.m in Sources */ = {isa = PBXBuildFile; fileRef = E15103FD1464394200CEF7C1 /* QTextElement.m */; };
		E15104291464394200CEF7C1 /* QuickDialogController+Loading.m in Sources */ = {isa = PBXBuildFile; fileRef = E15104001464394200CEF7C1 /* QuickDialogController+Loading.m */; };
		E151042A1464394200CEF7C1 /* QuickDialogController.m in Sources */ = {isa = PBXBuildFile; fileRef = E15104021464394200CEF7C1 /* QuickDialogController.m */; };
		E151042B1464394200CEF7C1 /* QuickDialogDataSource.m in Sources */ = {isa = PBXBuildFile; fileRef = E15104041464394200CEF7C1 /* QuickDialogDataSource.m */; };
		E151042C1464394200CEF7C1 /* QuickDialogTableDelegate.m in Sources */ = {isa = PBXBuildFile; fileRef = E15104071464394200CEF7C1 /* QuickDialogTableDelegate.m */; };
		E151042D1464394200CEF7C1 /* QuickDialogTableView.m in Sources */ = {isa = PBXBuildFile; fileRef = E15104091464394200CEF7C1 /* QuickDialogTableView.m */; };
		E151042E1464394200CEF7C1 /* QWebElement.m in Sources */ = {isa = PBXBuildFile; fileRef = E151040C1464394200CEF7C1 /* QWebElement.m */; };
		E151042F1464394200CEF7C1 /* QWebViewController.m in Sources */ = {isa = PBXBuildFile; fileRef = E151040E1464394200CEF7C1 /* QWebViewController.m */; };
		E151043414643F9200CEF7C1 /* grain.gif in Resources */ = {isa = PBXBuildFile; fileRef = E151043314643F9200CEF7C1 /* grain.gif */; };
		E15104361464408300CEF7C1 /* logo_shadow.png in Resources */ = {isa = PBXBuildFile; fileRef = E15104351464408300CEF7C1 /* logo_shadow.png */; };
		E151043B1464427600CEF7C1 /* Constants.m in Sources */ = {isa = PBXBuildFile; fileRef = E151043A1464427600CEF7C1 /* Constants.m */; };
		E151043E146446A900CEF7C1 /* Api.m in Sources */ = {isa = PBXBuildFile; fileRef = E151043D146446A900CEF7C1 /* Api.m */; };
		E16AF8111499F42600A548C8 /* BanchaNavigationBar.m in Sources */ = {isa = PBXBuildFile; fileRef = E16AF8101499F42600A548C8 /* BanchaNavigationBar.m */; };
		E17678A4149A22DB00BA882F /* logo.png in Resources */ = {isa = PBXBuildFile; fileRef = E176789F149A22DB00BA882F /* logo.png */; };
		E17678A5149A22DB00BA882F /* input.png in Resources */ = {isa = PBXBuildFile; fileRef = E17678A0149A22DB00BA882F /* input.png */; };
		E17678A6149A22DB00BA882F /* btn_green.png in Resources */ = {isa = PBXBuildFile; fileRef = E17678A1149A22DB00BA882F /* btn_green.png */; };
		E17678A7149A22DB00BA882F /* grain.png in Resources */ = {isa = PBXBuildFile; fileRef = E17678A2149A22DB00BA882F /* grain.png */; };
		E17678A8149A22DB00BA882F /* topbar.png in Resources */ = {isa = PBXBuildFile; fileRef = E17678A3149A22DB00BA882F /* topbar.png */; };
		E17678AE149A252300BA882F /* logo@2x.png in Resources */ = {isa = PBXBuildFile; fileRef = E17678A9149A252300BA882F /* logo@2x.png */; };
		E17678AF149A252300BA882F /* input@2x.png in Resources */ = {isa = PBXBuildFile; fileRef = E17678AA149A252300BA882F /* input@2x.png */; };
		E17678B0149A252300BA882F /* btn_green@2x.png in Resources */ = {isa = PBXBuildFile; fileRef = E17678AB149A252300BA882F /* btn_green@2x.png */; };
		E17678B1149A252300BA882F /* grain@2x.png in Resources */ = {isa = PBXBuildFile; fileRef = E17678AC149A252300BA882F /* grain@2x.png */; };
		E17678B2149A252300BA882F /* topbar@2x.png in Resources */ = {isa = PBXBuildFile; fileRef = E17678AD149A252300BA882F /* topbar@2x.png */; };
		E19F7D55146D1639005F151D /* Icon.png in Resources */ = {isa = PBXBuildFile; fileRef = E19F7D54146D1639005F151D /* Icon.png */; };
		E19F7D57146D163D005F151D /* Icon@2x.png in Resources */ = {isa = PBXBuildFile; fileRef = E19F7D56146D163D005F151D /* Icon@2x.png */; };
		E19F7D5C146D212D005F151D /* RecordCell.xib in Resources */ = {isa = PBXBuildFile; fileRef = E19F7D5B146D212D005F151D /* RecordCell.xib */; };
		E19F7D5F146D24F2005F151D /* RecordCell.m in Sources */ = {isa = PBXBuildFile; fileRef = E19F7D5E146D24F2005F151D /* RecordCell.m */; };
		E19F7D62146D3687005F151D /* NSString+HexColor.m in Sources */ = {isa = PBXBuildFile; fileRef = E19F7D61146D3687005F151D /* NSString+HexColor.m */; };
		E1DB8C7C14993FBA00BB6696 /* MBProgressHUD.m in Sources */ = {isa = PBXBuildFile; fileRef = E1DB8C7B14993FBA00BB6696 /* MBProgressHUD.m */; };
		E1EF1E82147282040081D29B /* RecordEditNavigationController.m in Sources */ = {isa = PBXBuildFile; fileRef = E1EF1E81147282040081D29B /* RecordEditNavigationController.m */; };
		F87266BC145EF4E200B775D3 /* TwitterSearchClient.m in Sources */ = {isa = PBXBuildFile; fileRef = F87266BB145EF4E200B775D3 /* TwitterSearchClient.m */; };
/* End PBXBuildFile section */

/* Begin PBXBuildRule section */
		E1FCEC17147A8B5E0095528A /* PBXBuildRule */ = {
			isa = PBXBuildRule;
			compilerSpec = com.apple.compilers.proxy.script;
			fileType = pattern.proxy;
			isEditable = 1;
			outputFiles = (
			);
		};
/* End PBXBuildRule section */

/* Begin PBXFileReference section */
		0927075D141E4C7800E778AE /* MapKit.framework */ = {isa = PBXFileReference; lastKnownFileType = wrapper.framework; name = MapKit.framework; path = System/Library/Frameworks/MapKit.framework; sourceTree = SDKROOT; };
		0927075F141E4E2B00E778AE /* StringHelper.h */ = {isa = PBXFileReference; fileEncoding = 4; lastKnownFileType = sourcecode.c.h; path = StringHelper.h; sourceTree = "<group>"; };
		09270760141E4E2B00E778AE /* StringHelper.m */ = {isa = PBXFileReference; fileEncoding = 4; lastKnownFileType = sourcecode.c.objc; path = StringHelper.m; sourceTree = "<group>"; };
		09270762141E4EC900E778AE /* DataHelper.h */ = {isa = PBXFileReference; fileEncoding = 4; lastKnownFileType = sourcecode.c.h; path = DataHelper.h; sourceTree = "<group>"; };
		09270763141E4EC900E778AE /* DataHelper.m */ = {isa = PBXFileReference; fileEncoding = 4; lastKnownFileType = sourcecode.c.objc; path = DataHelper.m; sourceTree = "<group>"; };
		09270768141E52BB00E778AE /* CoreLocation.framework */ = {isa = PBXFileReference; lastKnownFileType = wrapper.framework; name = CoreLocation.framework; path = System/Library/Frameworks/CoreLocation.framework; sourceTree = SDKROOT; };
		092D3D2A145AE54E002F5F6C /* AFURLCache.h */ = {isa = PBXFileReference; fileEncoding = 4; lastKnownFileType = sourcecode.c.h; path = AFURLCache.h; sourceTree = "<group>"; };
		092D3D2B145AE54E002F5F6C /* AFURLCache.m */ = {isa = PBXFileReference; fileEncoding = 4; lastKnownFileType = sourcecode.c.objc; path = AFURLCache.m; sourceTree = "<group>"; };
		093EC376145B0DE90010CDBB /* AFHTTPClient.h */ = {isa = PBXFileReference; fileEncoding = 4; lastKnownFileType = sourcecode.c.h; path = AFHTTPClient.h; sourceTree = "<group>"; };
		093EC377145B0DE90010CDBB /* AFHTTPClient.m */ = {isa = PBXFileReference; fileEncoding = 4; lastKnownFileType = sourcecode.c.objc; path = AFHTTPClient.m; sourceTree = "<group>"; };
		093EC378145B0DE90010CDBB /* AFHTTPRequestOperation.h */ = {isa = PBXFileReference; fileEncoding = 4; lastKnownFileType = sourcecode.c.h; path = AFHTTPRequestOperation.h; sourceTree = "<group>"; };
		093EC379145B0DE90010CDBB /* AFHTTPRequestOperation.m */ = {isa = PBXFileReference; fileEncoding = 4; lastKnownFileType = sourcecode.c.objc; path = AFHTTPRequestOperation.m; sourceTree = "<group>"; };
		093EC37A145B0DE90010CDBB /* AFImageCache.h */ = {isa = PBXFileReference; fileEncoding = 4; lastKnownFileType = sourcecode.c.h; path = AFImageCache.h; sourceTree = "<group>"; };
		093EC37B145B0DE90010CDBB /* AFImageCache.m */ = {isa = PBXFileReference; fileEncoding = 4; lastKnownFileType = sourcecode.c.objc; path = AFImageCache.m; sourceTree = "<group>"; };
		093EC37C145B0DE90010CDBB /* AFImageRequestOperation.h */ = {isa = PBXFileReference; fileEncoding = 4; lastKnownFileType = sourcecode.c.h; path = AFImageRequestOperation.h; sourceTree = "<group>"; };
		093EC37D145B0DE90010CDBB /* AFImageRequestOperation.m */ = {isa = PBXFileReference; fileEncoding = 4; lastKnownFileType = sourcecode.c.objc; path = AFImageRequestOperation.m; sourceTree = "<group>"; };
		093EC37E145B0DE90010CDBB /* AFJSONRequestOperation.h */ = {isa = PBXFileReference; fileEncoding = 4; lastKnownFileType = sourcecode.c.h; path = AFJSONRequestOperation.h; sourceTree = "<group>"; };
		093EC37F145B0DE90010CDBB /* AFJSONRequestOperation.m */ = {isa = PBXFileReference; fileEncoding = 4; lastKnownFileType = sourcecode.c.objc; path = AFJSONRequestOperation.m; sourceTree = "<group>"; };
		093EC380145B0DE90010CDBB /* AFNetworkActivityIndicatorManager.h */ = {isa = PBXFileReference; fileEncoding = 4; lastKnownFileType = sourcecode.c.h; path = AFNetworkActivityIndicatorManager.h; sourceTree = "<group>"; };
		093EC381145B0DE90010CDBB /* AFNetworkActivityIndicatorManager.m */ = {isa = PBXFileReference; fileEncoding = 4; lastKnownFileType = sourcecode.c.objc; path = AFNetworkActivityIndicatorManager.m; sourceTree = "<group>"; };
		093EC382145B0DE90010CDBB /* AFNetworking.h */ = {isa = PBXFileReference; fileEncoding = 4; lastKnownFileType = sourcecode.c.h; path = AFNetworking.h; sourceTree = "<group>"; };
		093EC383145B0DE90010CDBB /* AFPropertyListRequestOperation.h */ = {isa = PBXFileReference; fileEncoding = 4; lastKnownFileType = sourcecode.c.h; path = AFPropertyListRequestOperation.h; sourceTree = "<group>"; };
		093EC384145B0DE90010CDBB /* AFPropertyListRequestOperation.m */ = {isa = PBXFileReference; fileEncoding = 4; lastKnownFileType = sourcecode.c.objc; path = AFPropertyListRequestOperation.m; sourceTree = "<group>"; };
		093EC385145B0DE90010CDBB /* AFURLConnectionOperation.h */ = {isa = PBXFileReference; fileEncoding = 4; lastKnownFileType = sourcecode.c.h; path = AFURLConnectionOperation.h; sourceTree = "<group>"; };
		093EC386145B0DE90010CDBB /* AFURLConnectionOperation.m */ = {isa = PBXFileReference; fileEncoding = 4; lastKnownFileType = sourcecode.c.objc; path = AFURLConnectionOperation.m; sourceTree = "<group>"; };
		093EC387145B0DE90010CDBB /* AFXMLRequestOperation.h */ = {isa = PBXFileReference; fileEncoding = 4; lastKnownFileType = sourcecode.c.h; path = AFXMLRequestOperation.h; sourceTree = "<group>"; };
		093EC388145B0DE90010CDBB /* AFXMLRequestOperation.m */ = {isa = PBXFileReference; fileEncoding = 4; lastKnownFileType = sourcecode.c.objc; path = AFXMLRequestOperation.m; sourceTree = "<group>"; };
		093EC389145B0DE90010CDBB /* UIImageView+AFNetworking.h */ = {isa = PBXFileReference; fileEncoding = 4; lastKnownFileType = sourcecode.c.h; path = "UIImageView+AFNetworking.h"; sourceTree = "<group>"; };
		093EC38A145B0DE90010CDBB /* UIImageView+AFNetworking.m */ = {isa = PBXFileReference; fileEncoding = 4; lastKnownFileType = sourcecode.c.objc; path = "UIImageView+AFNetworking.m"; sourceTree = "<group>"; };
		09885E901418F2E500CCE17A /* Bancha.app */ = {isa = PBXFileReference; explicitFileType = wrapper.application; includeInIndex = 0; path = Bancha.app; sourceTree = BUILT_PRODUCTS_DIR; };
		09885E941418F2E500CCE17A /* UIKit.framework */ = {isa = PBXFileReference; lastKnownFileType = wrapper.framework; name = UIKit.framework; path = System/Library/Frameworks/UIKit.framework; sourceTree = SDKROOT; };
		09885E961418F2E500CCE17A /* Foundation.framework */ = {isa = PBXFileReference; lastKnownFileType = wrapper.framework; name = Foundation.framework; path = System/Library/Frameworks/Foundation.framework; sourceTree = SDKROOT; };
		09885E981418F2E600CCE17A /* CoreGraphics.framework */ = {isa = PBXFileReference; lastKnownFileType = wrapper.framework; name = CoreGraphics.framework; path = System/Library/Frameworks/CoreGraphics.framework; sourceTree = SDKROOT; };
		09885E9C1418F2E600CCE17A /* IOSBoilerplate-Info.plist */ = {isa = PBXFileReference; lastKnownFileType = text.plist.xml; path = "IOSBoilerplate-Info.plist"; sourceTree = "<group>"; };
		09885E9E1418F2E600CCE17A /* en */ = {isa = PBXFileReference; lastKnownFileType = text.plist.strings; name = en; path = en.lproj/InfoPlist.strings; sourceTree = "<group>"; };
		09885EA01418F2E600CCE17A /* main.m */ = {isa = PBXFileReference; lastKnownFileType = sourcecode.c.objc; path = main.m; sourceTree = "<group>"; };
		09885EA21418F2E600CCE17A /* IOSBoilerplate-Prefix.pch */ = {isa = PBXFileReference; lastKnownFileType = sourcecode.c.h; path = "IOSBoilerplate-Prefix.pch"; sourceTree = "<group>"; };
		09885EA31418F2E600CCE17A /* IOSBoilerplateAppDelegate.h */ = {isa = PBXFileReference; lastKnownFileType = sourcecode.c.h; path = IOSBoilerplateAppDelegate.h; sourceTree = "<group>"; };
		09885EA41418F2E600CCE17A /* IOSBoilerplateAppDelegate.m */ = {isa = PBXFileReference; lastKnownFileType = sourcecode.c.objc; path = IOSBoilerplateAppDelegate.m; sourceTree = "<group>"; };
		09885EA71418F2E600CCE17A /* en */ = {isa = PBXFileReference; lastKnownFileType = file.xib; name = en; path = en.lproj/MainWindow.xib; sourceTree = "<group>"; };
		09885EB51418F2E600CCE17A /* SenTestingKit.framework */ = {isa = PBXFileReference; lastKnownFileType = wrapper.framework; name = SenTestingKit.framework; path = Library/Frameworks/SenTestingKit.framework; sourceTree = DEVELOPER_DIR; };
		09885EEC1418F3F900CCE17A /* CFNetwork.framework */ = {isa = PBXFileReference; lastKnownFileType = wrapper.framework; name = CFNetwork.framework; path = System/Library/Frameworks/CFNetwork.framework; sourceTree = SDKROOT; };
		09885EEE1418F40200CCE17A /* SystemConfiguration.framework */ = {isa = PBXFileReference; lastKnownFileType = wrapper.framework; name = SystemConfiguration.framework; path = System/Library/Frameworks/SystemConfiguration.framework; sourceTree = SDKROOT; };
		09885EF11418F44200CCE17A /* MobileCoreServices.framework */ = {isa = PBXFileReference; lastKnownFileType = wrapper.framework; name = MobileCoreServices.framework; path = System/Library/Frameworks/MobileCoreServices.framework; sourceTree = SDKROOT; };
		09885F3F1418FFE000CCE17A /* SVProgressHUD.bundle */ = {isa = PBXFileReference; lastKnownFileType = "wrapper.plug-in"; path = SVProgressHUD.bundle; sourceTree = "<group>"; };
		09885F401418FFE000CCE17A /* SVProgressHUD.h */ = {isa = PBXFileReference; fileEncoding = 4; lastKnownFileType = sourcecode.c.h; path = SVProgressHUD.h; sourceTree = "<group>"; };
		09885F411418FFE000CCE17A /* SVProgressHUD.m */ = {isa = PBXFileReference; fileEncoding = 4; lastKnownFileType = sourcecode.c.objc; path = SVProgressHUD.m; sourceTree = "<group>"; };
		09885F441419009200CCE17A /* QuartzCore.framework */ = {isa = PBXFileReference; lastKnownFileType = wrapper.framework; name = QuartzCore.framework; path = System/Library/Frameworks/QuartzCore.framework; sourceTree = SDKROOT; };
		09885F46141901E700CCE17A /* DictionaryHelper.h */ = {isa = PBXFileReference; fileEncoding = 4; lastKnownFileType = sourcecode.c.h; path = DictionaryHelper.h; sourceTree = "<group>"; };
		09885F47141901E700CCE17A /* DictionaryHelper.m */ = {isa = PBXFileReference; fileEncoding = 4; lastKnownFileType = sourcecode.c.objc; path = DictionaryHelper.m; sourceTree = "<group>"; };
		09885F4A1419028D00CCE17A /* JSONKit.h */ = {isa = PBXFileReference; fileEncoding = 4; lastKnownFileType = sourcecode.c.h; path = JSONKit.h; sourceTree = "<group>"; };
		09885F4B1419028D00CCE17A /* JSONKit.m */ = {isa = PBXFileReference; fileEncoding = 4; lastKnownFileType = sourcecode.c.objc; path = JSONKit.m; sourceTree = "<group>"; };
		09885F5714190D7900CCE17A /* FastCell.h */ = {isa = PBXFileReference; fileEncoding = 4; lastKnownFileType = sourcecode.c.h; path = FastCell.h; sourceTree = "<group>"; };
		09885F5814190D7900CCE17A /* FastCell.m */ = {isa = PBXFileReference; fileEncoding = 4; lastKnownFileType = sourcecode.c.objc; path = FastCell.m; sourceTree = "<group>"; };
		09E442B9141F96A900AD2DAE /* EGORefreshTableHeaderView.h */ = {isa = PBXFileReference; fileEncoding = 4; lastKnownFileType = sourcecode.c.h; path = EGORefreshTableHeaderView.h; sourceTree = "<group>"; };
		09E442BA141F96A900AD2DAE /* EGORefreshTableHeaderView.m */ = {isa = PBXFileReference; fileEncoding = 4; lastKnownFileType = sourcecode.c.objc; path = EGORefreshTableHeaderView.m; sourceTree = "<group>"; };
		09E442BE141F970400AD2DAE /* blackArrow.png */ = {isa = PBXFileReference; lastKnownFileType = image.png; name = blackArrow.png; path = IOSBoilerplate/blackArrow.png; sourceTree = SOURCE_ROOT; };
		09E442BF141F970400AD2DAE /* blackArrow@2x.png */ = {isa = PBXFileReference; lastKnownFileType = image.png; name = "blackArrow@2x.png"; path = "IOSBoilerplate/blackArrow@2x.png"; sourceTree = SOURCE_ROOT; };
		09E442C0141F970400AD2DAE /* blueArrow.png */ = {isa = PBXFileReference; lastKnownFileType = image.png; name = blueArrow.png; path = IOSBoilerplate/blueArrow.png; sourceTree = SOURCE_ROOT; };
		09E442C1141F970400AD2DAE /* blueArrow@2x.png */ = {isa = PBXFileReference; lastKnownFileType = image.png; name = "blueArrow@2x.png"; path = "IOSBoilerplate/blueArrow@2x.png"; sourceTree = SOURCE_ROOT; };
		09E442C2141F970400AD2DAE /* grayArrow.png */ = {isa = PBXFileReference; lastKnownFileType = image.png; name = grayArrow.png; path = IOSBoilerplate/grayArrow.png; sourceTree = SOURCE_ROOT; };
		09E442C3141F970400AD2DAE /* grayArrow@2x.png */ = {isa = PBXFileReference; lastKnownFileType = image.png; name = "grayArrow@2x.png"; path = "IOSBoilerplate/grayArrow@2x.png"; sourceTree = SOURCE_ROOT; };
		09E442C4141F970400AD2DAE /* whiteArrow.png */ = {isa = PBXFileReference; lastKnownFileType = image.png; name = whiteArrow.png; path = IOSBoilerplate/whiteArrow.png; sourceTree = SOURCE_ROOT; };
		09E442C5141F970400AD2DAE /* whiteArrow@2x.png */ = {isa = PBXFileReference; lastKnownFileType = image.png; name = "whiteArrow@2x.png"; path = "IOSBoilerplate/whiteArrow@2x.png"; sourceTree = SOURCE_ROOT; };
		09E442CE141F97AE00AD2DAE /* ListViewController.h */ = {isa = PBXFileReference; fileEncoding = 4; lastKnownFileType = sourcecode.c.h; path = ListViewController.h; sourceTree = "<group>"; };
		09E442CF141F97AE00AD2DAE /* ListViewController.m */ = {isa = PBXFileReference; fileEncoding = 4; lastKnownFileType = sourcecode.c.objc; path = ListViewController.m; sourceTree = "<group>"; };
		827F6434146BD3CC001AE249 /* TabsController.h */ = {isa = PBXFileReference; fileEncoding = 4; lastKnownFileType = sourcecode.c.h; path = TabsController.h; sourceTree = "<group>"; };
		827F6435146BD3CC001AE249 /* TabsController.m */ = {isa = PBXFileReference; fileEncoding = 4; lastKnownFileType = sourcecode.c.objc; path = TabsController.m; sourceTree = "<group>"; };
		828D65F7146BDEBB009F8014 /* SettingsController.h */ = {isa = PBXFileReference; fileEncoding = 4; lastKnownFileType = sourcecode.c.h; path = SettingsController.h; sourceTree = "<group>"; };
		828D65F8146BDEBB009F8014 /* SettingsController.m */ = {isa = PBXFileReference; fileEncoding = 4; lastKnownFileType = sourcecode.c.objc; path = SettingsController.m; sourceTree = "<group>"; };
		82B5F6E2146C0BE300C97A53 /* ContentsController.h */ = {isa = PBXFileReference; fileEncoding = 4; lastKnownFileType = sourcecode.c.h; lineEnding = 0; path = ContentsController.h; sourceTree = "<group>"; xcLanguageSpecificationIdentifier = xcode.lang.objcpp; };
		82B5F6E3146C0BE300C97A53 /* ContentsController.m */ = {isa = PBXFileReference; fileEncoding = 4; lastKnownFileType = sourcecode.c.objc; lineEnding = 0; path = ContentsController.m; sourceTree = "<group>"; xcLanguageSpecificationIdentifier = xcode.lang.objc; };
		82D05AA2147D070800425217 /* bg_cellext.png */ = {isa = PBXFileReference; lastKnownFileType = image.png; name = bg_cellext.png; path = IOSBoilerplate/bg_cellext.png; sourceTree = SOURCE_ROOT; };
		82D05AA4147D0A1100425217 /* btnGreen.png */ = {isa = PBXFileReference; lastKnownFileType = image.png; name = btnGreen.png; path = IOSBoilerplate/btnGreen.png; sourceTree = SOURCE_ROOT; };
		82D05AA5147D0A1100425217 /* btnGreen@2x.png */ = {isa = PBXFileReference; lastKnownFileType = image.png; name = "btnGreen@2x.png"; path = "IOSBoilerplate/btnGreen@2x.png"; sourceTree = SOURCE_ROOT; };
		82D05AA6147D0A1200425217 /* btnGrey.png */ = {isa = PBXFileReference; lastKnownFileType = image.png; name = btnGrey.png; path = IOSBoilerplate/btnGrey.png; sourceTree = SOURCE_ROOT; };
		82D05AA7147D0A1200425217 /* btnGrey@2x.png */ = {isa = PBXFileReference; lastKnownFileType = image.png; name = "btnGrey@2x.png"; path = "IOSBoilerplate/btnGrey@2x.png"; sourceTree = SOURCE_ROOT; };
		82D05AA8147D0A1200425217 /* btnOrange.png */ = {isa = PBXFileReference; lastKnownFileType = image.png; name = btnOrange.png; path = IOSBoilerplate/btnOrange.png; sourceTree = SOURCE_ROOT; };
		82D05AA9147D0A1200425217 /* btnOrange@2x.png */ = {isa = PBXFileReference; lastKnownFileType = image.png; name = "btnOrange@2x.png"; path = "IOSBoilerplate/btnOrange@2x.png"; sourceTree = SOURCE_ROOT; };
		82D05AB0147D0F1D00425217 /* bg_cell_alt.png */ = {isa = PBXFileReference; lastKnownFileType = image.png; name = bg_cell_alt.png; path = IOSBoilerplate/bg_cell_alt.png; sourceTree = SOURCE_ROOT; };
		82FB9F01146C298E008CF0AA /* RecordListController.h */ = {isa = PBXFileReference; fileEncoding = 4; lastKnownFileType = sourcecode.c.h; path = RecordListController.h; sourceTree = "<group>"; };
		82FB9F02146C298E008CF0AA /* RecordListController.m */ = {isa = PBXFileReference; fileEncoding = 4; lastKnownFileType = sourcecode.c.objc; path = RecordListController.m; sourceTree = "<group>"; };
		C37BC8E3144C340600423D44 /* libz.dylib */ = {isa = PBXFileReference; lastKnownFileType = "compiled.mach-o.dylib"; name = libz.dylib; path = usr/lib/libz.dylib; sourceTree = SDKROOT; };
		D8EA24BF145BA49100EB08B3 /* BrowserViewController.h */ = {isa = PBXFileReference; fileEncoding = 4; lastKnownFileType = sourcecode.c.h; path = BrowserViewController.h; sourceTree = "<group>"; };
		D8EA24C0145BA49100EB08B3 /* BrowserViewController.m */ = {isa = PBXFileReference; fileEncoding = 4; lastKnownFileType = sourcecode.c.objc; path = BrowserViewController.m; sourceTree = "<group>"; };
		D8EA24C1145BA49100EB08B3 /* BrowserViewController.xib */ = {isa = PBXFileReference; fileEncoding = 4; lastKnownFileType = file.xib; path = BrowserViewController.xib; sourceTree = "<group>"; };
		D8EA24C2145BA49100EB08B3 /* MyApplication.h */ = {isa = PBXFileReference; fileEncoding = 4; lastKnownFileType = sourcecode.c.h; path = MyApplication.h; sourceTree = "<group>"; };
		D8EA24C3145BA49100EB08B3 /* MyApplication.m */ = {isa = PBXFileReference; fileEncoding = 4; lastKnownFileType = sourcecode.c.objc; path = MyApplication.m; sourceTree = "<group>"; };
		D8EA24C8145BA4AC00EB08B3 /* left.png */ = {isa = PBXFileReference; lastKnownFileType = image.png; path = left.png; sourceTree = "<group>"; };
		D8EA24C9145BA4AC00EB08B3 /* left@2x.png */ = {isa = PBXFileReference; lastKnownFileType = image.png; path = "left@2x.png"; sourceTree = "<group>"; };
		D8EA24CA145BA4AC00EB08B3 /* right.png */ = {isa = PBXFileReference; lastKnownFileType = image.png; path = right.png; sourceTree = "<group>"; };
		D8EA24CB145BA4AC00EB08B3 /* right@2x.png */ = {isa = PBXFileReference; lastKnownFileType = image.png; path = "right@2x.png"; sourceTree = "<group>"; };
		E104C89E147168BA000F9065 /* pen_alt_stroke_12x12.png */ = {isa = PBXFileReference; lastKnownFileType = image.png; name = pen_alt_stroke_12x12.png; path = IOSBoilerplate/pen_alt_stroke_12x12.png; sourceTree = SOURCE_ROOT; };
		E104C8A014716990000F9065 /* document_stroke_16x16.png */ = {isa = PBXFileReference; lastKnownFileType = image.png; name = document_stroke_16x16.png; path = IOSBoilerplate/document_stroke_16x16.png; sourceTree = SOURCE_ROOT; };
		E104C8A114716990000F9065 /* trash_stroke_12x12.png */ = {isa = PBXFileReference; lastKnownFileType = image.png; name = trash_stroke_12x12.png; path = IOSBoilerplate/trash_stroke_12x12.png; sourceTree = SOURCE_ROOT; };
		E104C8A4147171BF000F9065 /* RecordEditController.h */ = {isa = PBXFileReference; fileEncoding = 4; lastKnownFileType = sourcecode.c.h; path = RecordEditController.h; sourceTree = "<group>"; };
		E104C8A5147171C0000F9065 /* RecordEditController.m */ = {isa = PBXFileReference; fileEncoding = 4; lastKnownFileType = sourcecode.c.objc; path = RecordEditController.m; sourceTree = "<group>"; };
		E12A2FD61464279500E4249C /* LoginController.h */ = {isa = PBXFileReference; fileEncoding = 4; lastKnownFileType = sourcecode.c.h; path = LoginController.h; sourceTree = "<group>"; };
		E12A2FD71464279500E4249C /* LoginController.m */ = {isa = PBXFileReference; fileEncoding = 4; lastKnownFileType = sourcecode.c.objc; path = LoginController.m; sourceTree = "<group>"; };
		E145EB1B147BBE84004845F9 /* bg_cell.png */ = {isa = PBXFileReference; lastKnownFileType = image.png; name = bg_cell.png; path = IOSBoilerplate/bg_cell.png; sourceTree = SOURCE_ROOT; };
		E145EB1E147BC19A004845F9 /* SideAlert.h */ = {isa = PBXFileReference; fileEncoding = 4; lastKnownFileType = sourcecode.c.h; path = SideAlert.h; sourceTree = "<group>"; };
		E145EB1F147BC19A004845F9 /* SideAlert.m */ = {isa = PBXFileReference; fileEncoding = 4; lastKnownFileType = sourcecode.c.objc; path = SideAlert.m; sourceTree = "<group>"; };
		E15103CA1464394200CEF7C1 /* QBadgeElement.h */ = {isa = PBXFileReference; fileEncoding = 4; lastKnownFileType = sourcecode.c.h; path = QBadgeElement.h; sourceTree = "<group>"; };
		E15103CB1464394200CEF7C1 /* QBadgeElement.m */ = {isa = PBXFileReference; fileEncoding = 4; lastKnownFileType = sourcecode.c.objc; path = QBadgeElement.m; sourceTree = "<group>"; };
		E15103CC1464394200CEF7C1 /* QBadgeTableCell.h */ = {isa = PBXFileReference; fileEncoding = 4; lastKnownFileType = sourcecode.c.h; path = QBadgeTableCell.h; sourceTree = "<group>"; };
		E15103CD1464394200CEF7C1 /* QBadgeTableCell.m */ = {isa = PBXFileReference; fileEncoding = 4; lastKnownFileType = sourcecode.c.objc; path = QBadgeTableCell.m; sourceTree = "<group>"; };
		E15103CE1464394200CEF7C1 /* QBooleanElement.h */ = {isa = PBXFileReference; fileEncoding = 4; lastKnownFileType = sourcecode.c.h; path = QBooleanElement.h; sourceTree = "<group>"; };
		E15103CF1464394200CEF7C1 /* QBooleanElement.m */ = {isa = PBXFileReference; fileEncoding = 4; lastKnownFileType = sourcecode.c.objc; path = QBooleanElement.m; sourceTree = "<group>"; };
		E15103D01464394200CEF7C1 /* QButtonElement.h */ = {isa = PBXFileReference; fileEncoding = 4; lastKnownFileType = sourcecode.c.h; path = QButtonElement.h; sourceTree = "<group>"; };
		E15103D11464394200CEF7C1 /* QButtonElement.m */ = {isa = PBXFileReference; fileEncoding = 4; lastKnownFileType = sourcecode.c.objc; path = QButtonElement.m; sourceTree = "<group>"; };
		E15103D21464394200CEF7C1 /* QDateEntryTableViewCell.h */ = {isa = PBXFileReference; fileEncoding = 4; lastKnownFileType = sourcecode.c.h; path = QDateEntryTableViewCell.h; sourceTree = "<group>"; };
		E15103D31464394200CEF7C1 /* QDateEntryTableViewCell.m */ = {isa = PBXFileReference; fileEncoding = 4; lastKnownFileType = sourcecode.c.objc; path = QDateEntryTableViewCell.m; sourceTree = "<group>"; };
		E15103D41464394200CEF7C1 /* QDateTimeElement.h */ = {isa = PBXFileReference; fileEncoding = 4; lastKnownFileType = sourcecode.c.h; path = QDateTimeElement.h; sourceTree = "<group>"; };
		E15103D51464394200CEF7C1 /* QDateTimeElement.m */ = {isa = PBXFileReference; fileEncoding = 4; lastKnownFileType = sourcecode.c.objc; path = QDateTimeElement.m; sourceTree = "<group>"; };
		E15103D61464394200CEF7C1 /* QDateTimeInlineElement.h */ = {isa = PBXFileReference; fileEncoding = 4; lastKnownFileType = sourcecode.c.h; path = QDateTimeInlineElement.h; sourceTree = "<group>"; };
		E15103D71464394200CEF7C1 /* QDateTimeInlineElement.m */ = {isa = PBXFileReference; fileEncoding = 4; lastKnownFileType = sourcecode.c.objc; path = QDateTimeInlineElement.m; sourceTree = "<group>"; };
		E15103D81464394200CEF7C1 /* QDecimalElement.h */ = {isa = PBXFileReference; fileEncoding = 4; lastKnownFileType = sourcecode.c.h; path = QDecimalElement.h; sourceTree = "<group>"; };
		E15103D91464394200CEF7C1 /* QDecimalElement.m */ = {isa = PBXFileReference; fileEncoding = 4; lastKnownFileType = sourcecode.c.objc; path = QDecimalElement.m; sourceTree = "<group>"; };
		E15103DA1464394200CEF7C1 /* QDecimalTableViewCell.h */ = {isa = PBXFileReference; fileEncoding = 4; lastKnownFileType = sourcecode.c.h; path = QDecimalTableViewCell.h; sourceTree = "<group>"; };
		E15103DB1464394200CEF7C1 /* QDecimalTableViewCell.m */ = {isa = PBXFileReference; fileEncoding = 4; lastKnownFileType = sourcecode.c.objc; path = QDecimalTableViewCell.m; sourceTree = "<group>"; };
		E15103DC1464394200CEF7C1 /* QElement.h */ = {isa = PBXFileReference; fileEncoding = 4; lastKnownFileType = sourcecode.c.h; path = QElement.h; sourceTree = "<group>"; };
		E15103DD1464394200CEF7C1 /* QElement.m */ = {isa = PBXFileReference; fileEncoding = 4; lastKnownFileType = sourcecode.c.objc; path = QElement.m; sourceTree = "<group>"; };
		E15103DE1464394200CEF7C1 /* QEmptyListElement.h */ = {isa = PBXFileReference; fileEncoding = 4; lastKnownFileType = sourcecode.c.h; path = QEmptyListElement.h; sourceTree = "<group>"; };
		E15103DF1464394200CEF7C1 /* QEmptyListElement.m */ = {isa = PBXFileReference; fileEncoding = 4; lastKnownFileType = sourcecode.c.objc; path = QEmptyListElement.m; sourceTree = "<group>"; };
		E15103E01464394200CEF7C1 /* QEntryElement.h */ = {isa = PBXFileReference; fileEncoding = 4; lastKnownFileType = sourcecode.c.h; path = QEntryElement.h; sourceTree = "<group>"; };
		E15103E11464394200CEF7C1 /* QEntryElement.m */ = {isa = PBXFileReference; fileEncoding = 4; lastKnownFileType = sourcecode.c.objc; path = QEntryElement.m; sourceTree = "<group>"; };
		E15103E21464394200CEF7C1 /* QEntryTableViewCell.h */ = {isa = PBXFileReference; fileEncoding = 4; lastKnownFileType = sourcecode.c.h; path = QEntryTableViewCell.h; sourceTree = "<group>"; };
		E15103E31464394200CEF7C1 /* QEntryTableViewCell.m */ = {isa = PBXFileReference; fileEncoding = 4; lastKnownFileType = sourcecode.c.objc; path = QEntryTableViewCell.m; sourceTree = "<group>"; };
		E15103E41464394200CEF7C1 /* QFloatElement.h */ = {isa = PBXFileReference; fileEncoding = 4; lastKnownFileType = sourcecode.c.h; path = QFloatElement.h; sourceTree = "<group>"; };
		E15103E51464394200CEF7C1 /* QFloatElement.m */ = {isa = PBXFileReference; fileEncoding = 4; lastKnownFileType = sourcecode.c.objc; path = QFloatElement.m; sourceTree = "<group>"; };
		E15103E61464394200CEF7C1 /* QLabelElement.h */ = {isa = PBXFileReference; fileEncoding = 4; lastKnownFileType = sourcecode.c.h; path = QLabelElement.h; sourceTree = "<group>"; };
		E15103E71464394200CEF7C1 /* QLabelElement.m */ = {isa = PBXFileReference; fileEncoding = 4; lastKnownFileType = sourcecode.c.objc; path = QLabelElement.m; sourceTree = "<group>"; };
		E15103E81464394200CEF7C1 /* QMapAnnotation.h */ = {isa = PBXFileReference; fileEncoding = 4; lastKnownFileType = sourcecode.c.h; path = QMapAnnotation.h; sourceTree = "<group>"; };
		E15103E91464394200CEF7C1 /* QMapAnnotation.m */ = {isa = PBXFileReference; fileEncoding = 4; lastKnownFileType = sourcecode.c.objc; path = QMapAnnotation.m; sourceTree = "<group>"; };
		E15103EA1464394200CEF7C1 /* QMapElement.h */ = {isa = PBXFileReference; fileEncoding = 4; lastKnownFileType = sourcecode.c.h; path = QMapElement.h; sourceTree = "<group>"; };
		E15103EB1464394200CEF7C1 /* QMapElement.m */ = {isa = PBXFileReference; fileEncoding = 4; lastKnownFileType = sourcecode.c.objc; path = QMapElement.m; sourceTree = "<group>"; };
		E15103EC1464394200CEF7C1 /* QMapViewController.h */ = {isa = PBXFileReference; fileEncoding = 4; lastKnownFileType = sourcecode.c.h; path = QMapViewController.h; sourceTree = "<group>"; };
		E15103ED1464394200CEF7C1 /* QMapViewController.m */ = {isa = PBXFileReference; fileEncoding = 4; lastKnownFileType = sourcecode.c.objc; path = QMapViewController.m; sourceTree = "<group>"; };
		E15103EE1464394200CEF7C1 /* QRadioElement.h */ = {isa = PBXFileReference; fileEncoding = 4; lastKnownFileType = sourcecode.c.h; path = QRadioElement.h; sourceTree = "<group>"; };
		E15103EF1464394200CEF7C1 /* QRadioElement.m */ = {isa = PBXFileReference; fileEncoding = 4; lastKnownFileType = sourcecode.c.objc; path = QRadioElement.m; sourceTree = "<group>"; };
		E15103F01464394200CEF7C1 /* QRadioItemElement.h */ = {isa = PBXFileReference; fileEncoding = 4; lastKnownFileType = sourcecode.c.h; path = QRadioItemElement.h; sourceTree = "<group>"; };
		E15103F11464394200CEF7C1 /* QRadioItemElement.m */ = {isa = PBXFileReference; fileEncoding = 4; lastKnownFileType = sourcecode.c.objc; path = QRadioItemElement.m; sourceTree = "<group>"; };
		E15103F21464394200CEF7C1 /* QRadioSection.h */ = {isa = PBXFileReference; fileEncoding = 4; lastKnownFileType = sourcecode.c.h; path = QRadioSection.h; sourceTree = "<group>"; };
		E15103F31464394200CEF7C1 /* QRadioSection.m */ = {isa = PBXFileReference; fileEncoding = 4; lastKnownFileType = sourcecode.c.objc; path = QRadioSection.m; sourceTree = "<group>"; };
		E15103F41464394200CEF7C1 /* QRootElement+JSONBuilder.h */ = {isa = PBXFileReference; fileEncoding = 4; lastKnownFileType = sourcecode.c.h; path = "QRootElement+JSONBuilder.h"; sourceTree = "<group>"; };
		E15103F51464394200CEF7C1 /* QRootElement+JSONBuilder.m */ = {isa = PBXFileReference; fileEncoding = 4; lastKnownFileType = sourcecode.c.objc; path = "QRootElement+JSONBuilder.m"; sourceTree = "<group>"; };
		E15103F61464394200CEF7C1 /* QRootElement.h */ = {isa = PBXFileReference; fileEncoding = 4; lastKnownFileType = sourcecode.c.h; path = QRootElement.h; sourceTree = "<group>"; };
		E15103F71464394200CEF7C1 /* QRootElement.m */ = {isa = PBXFileReference; fileEncoding = 4; lastKnownFileType = sourcecode.c.objc; path = QRootElement.m; sourceTree = "<group>"; };
		E15103F81464394200CEF7C1 /* QSection.h */ = {isa = PBXFileReference; fileEncoding = 4; lastKnownFileType = sourcecode.c.h; path = QSection.h; sourceTree = "<group>"; };
		E15103F91464394200CEF7C1 /* QSection.m */ = {isa = PBXFileReference; fileEncoding = 4; lastKnownFileType = sourcecode.c.objc; path = QSection.m; sourceTree = "<group>"; };
		E15103FA1464394200CEF7C1 /* QSortingSection.h */ = {isa = PBXFileReference; fileEncoding = 4; lastKnownFileType = sourcecode.c.h; path = QSortingSection.h; sourceTree = "<group>"; };
		E15103FB1464394200CEF7C1 /* QSortingSection.m */ = {isa = PBXFileReference; fileEncoding = 4; lastKnownFileType = sourcecode.c.objc; path = QSortingSection.m; sourceTree = "<group>"; };
		E15103FC1464394200CEF7C1 /* QTextElement.h */ = {isa = PBXFileReference; fileEncoding = 4; lastKnownFileType = sourcecode.c.h; path = QTextElement.h; sourceTree = "<group>"; };
		E15103FD1464394200CEF7C1 /* QTextElement.m */ = {isa = PBXFileReference; fileEncoding = 4; lastKnownFileType = sourcecode.c.objc; path = QTextElement.m; sourceTree = "<group>"; };
		E15103FE1464394200CEF7C1 /* QuickDialog.h */ = {isa = PBXFileReference; fileEncoding = 4; lastKnownFileType = sourcecode.c.h; path = QuickDialog.h; sourceTree = "<group>"; };
		E15103FF1464394200CEF7C1 /* QuickDialogController+Loading.h */ = {isa = PBXFileReference; fileEncoding = 4; lastKnownFileType = sourcecode.c.h; path = "QuickDialogController+Loading.h"; sourceTree = "<group>"; };
		E15104001464394200CEF7C1 /* QuickDialogController+Loading.m */ = {isa = PBXFileReference; fileEncoding = 4; lastKnownFileType = sourcecode.c.objc; path = "QuickDialogController+Loading.m"; sourceTree = "<group>"; };
		E15104011464394200CEF7C1 /* QuickDialogController.h */ = {isa = PBXFileReference; fileEncoding = 4; lastKnownFileType = sourcecode.c.h; path = QuickDialogController.h; sourceTree = "<group>"; };
		E15104021464394200CEF7C1 /* QuickDialogController.m */ = {isa = PBXFileReference; fileEncoding = 4; lastKnownFileType = sourcecode.c.objc; path = QuickDialogController.m; sourceTree = "<group>"; };
		E15104031464394200CEF7C1 /* QuickDialogDataSource.h */ = {isa = PBXFileReference; fileEncoding = 4; lastKnownFileType = sourcecode.c.h; path = QuickDialogDataSource.h; sourceTree = "<group>"; };
		E15104041464394200CEF7C1 /* QuickDialogDataSource.m */ = {isa = PBXFileReference; fileEncoding = 4; lastKnownFileType = sourcecode.c.objc; path = QuickDialogDataSource.m; sourceTree = "<group>"; };
		E15104051464394200CEF7C1 /* QuickDialogStyleProvider.h */ = {isa = PBXFileReference; fileEncoding = 4; lastKnownFileType = sourcecode.c.h; path = QuickDialogStyleProvider.h; sourceTree = "<group>"; };
		E15104061464394200CEF7C1 /* QuickDialogTableDelegate.h */ = {isa = PBXFileReference; fileEncoding = 4; lastKnownFileType = sourcecode.c.h; path = QuickDialogTableDelegate.h; sourceTree = "<group>"; };
		E15104071464394200CEF7C1 /* QuickDialogTableDelegate.m */ = {isa = PBXFileReference; fileEncoding = 4; lastKnownFileType = sourcecode.c.objc; path = QuickDialogTableDelegate.m; sourceTree = "<group>"; };
		E15104081464394200CEF7C1 /* QuickDialogTableView.h */ = {isa = PBXFileReference; fileEncoding = 4; lastKnownFileType = sourcecode.c.h; path = QuickDialogTableView.h; sourceTree = "<group>"; };
		E15104091464394200CEF7C1 /* QuickDialogTableView.m */ = {isa = PBXFileReference; fileEncoding = 4; lastKnownFileType = sourcecode.c.objc; path = QuickDialogTableView.m; sourceTree = "<group>"; };
		E151040A1464394200CEF7C1 /* quickform-Prefix.pch */ = {isa = PBXFileReference; fileEncoding = 4; lastKnownFileType = sourcecode.c.h; path = "quickform-Prefix.pch"; sourceTree = "<group>"; };
		E151040B1464394200CEF7C1 /* QWebElement.h */ = {isa = PBXFileReference; fileEncoding = 4; lastKnownFileType = sourcecode.c.h; path = QWebElement.h; sourceTree = "<group>"; };
		E151040C1464394200CEF7C1 /* QWebElement.m */ = {isa = PBXFileReference; fileEncoding = 4; lastKnownFileType = sourcecode.c.objc; path = QWebElement.m; sourceTree = "<group>"; };
		E151040D1464394200CEF7C1 /* QWebViewController.h */ = {isa = PBXFileReference; fileEncoding = 4; lastKnownFileType = sourcecode.c.h; path = QWebViewController.h; sourceTree = "<group>"; };
		E151040E1464394200CEF7C1 /* QWebViewController.m */ = {isa = PBXFileReference; fileEncoding = 4; lastKnownFileType = sourcecode.c.objc; path = QWebViewController.m; sourceTree = "<group>"; };
		E151043314643F9200CEF7C1 /* grain.gif */ = {isa = PBXFileReference; lastKnownFileType = image.gif; name = grain.gif; path = IOSBoilerplate/grain.gif; sourceTree = SOURCE_ROOT; };
		E15104351464408300CEF7C1 /* logo_shadow.png */ = {isa = PBXFileReference; lastKnownFileType = image.png; name = logo_shadow.png; path = IOSBoilerplate/logo_shadow.png; sourceTree = SOURCE_ROOT; };
		E15104391464427600CEF7C1 /* Constants.h */ = {isa = PBXFileReference; fileEncoding = 4; lastKnownFileType = sourcecode.c.h; path = Constants.h; sourceTree = "<group>"; };
		E151043A1464427600CEF7C1 /* Constants.m */ = {isa = PBXFileReference; fileEncoding = 4; lastKnownFileType = sourcecode.c.objc; path = Constants.m; sourceTree = "<group>"; };
		E151043C146446A900CEF7C1 /* Api.h */ = {isa = PBXFileReference; fileEncoding = 4; lastKnownFileType = sourcecode.c.h; path = Api.h; sourceTree = "<group>"; };
		E151043D146446A900CEF7C1 /* Api.m */ = {isa = PBXFileReference; fileEncoding = 4; lastKnownFileType = sourcecode.c.objc; path = Api.m; sourceTree = "<group>"; };
		E16AF80F1499F42600A548C8 /* BanchaNavigationBar.h */ = {isa = PBXFileReference; fileEncoding = 4; lastKnownFileType = sourcecode.c.h; path = BanchaNavigationBar.h; sourceTree = "<group>"; };
		E16AF8101499F42600A548C8 /* BanchaNavigationBar.m */ = {isa = PBXFileReference; fileEncoding = 4; lastKnownFileType = sourcecode.c.objc; path = BanchaNavigationBar.m; sourceTree = "<group>"; };
		E176789F149A22DB00BA882F /* logo.png */ = {isa = PBXFileReference; lastKnownFileType = image.png; name = logo.png; path = IOSBoilerplate/logo.png; sourceTree = SOURCE_ROOT; };
		E17678A0149A22DB00BA882F /* input.png */ = {isa = PBXFileReference; lastKnownFileType = image.png; name = input.png; path = IOSBoilerplate/input.png; sourceTree = SOURCE_ROOT; };
		E17678A1149A22DB00BA882F /* btn_green.png */ = {isa = PBXFileReference; lastKnownFileType = image.png; name = btn_green.png; path = IOSBoilerplate/btn_green.png; sourceTree = SOURCE_ROOT; };
		E17678A2149A22DB00BA882F /* grain.png */ = {isa = PBXFileReference; lastKnownFileType = image.png; name = grain.png; path = IOSBoilerplate/grain.png; sourceTree = SOURCE_ROOT; };
		E17678A3149A22DB00BA882F /* topbar.png */ = {isa = PBXFileReference; lastKnownFileType = image.png; name = topbar.png; path = IOSBoilerplate/topbar.png; sourceTree = SOURCE_ROOT; };
		E17678A9149A252300BA882F /* logo@2x.png */ = {isa = PBXFileReference; lastKnownFileType = image.png; name = "logo@2x.png"; path = "IOSBoilerplate/logo@2x.png"; sourceTree = SOURCE_ROOT; };
		E17678AA149A252300BA882F /* input@2x.png */ = {isa = PBXFileReference; lastKnownFileType = image.png; name = "input@2x.png"; path = "IOSBoilerplate/input@2x.png"; sourceTree = SOURCE_ROOT; };
		E17678AB149A252300BA882F /* btn_green@2x.png */ = {isa = PBXFileReference; lastKnownFileType = image.png; name = "btn_green@2x.png"; path = "IOSBoilerplate/btn_green@2x.png"; sourceTree = SOURCE_ROOT; };
		E17678AC149A252300BA882F /* grain@2x.png */ = {isa = PBXFileReference; lastKnownFileType = image.png; name = "grain@2x.png"; path = "IOSBoilerplate/grain@2x.png"; sourceTree = SOURCE_ROOT; };
		E17678AD149A252300BA882F /* topbar@2x.png */ = {isa = PBXFileReference; lastKnownFileType = image.png; name = "topbar@2x.png"; path = "IOSBoilerplate/topbar@2x.png"; sourceTree = SOURCE_ROOT; };
		E19F7D54146D1639005F151D /* Icon.png */ = {isa = PBXFileReference; lastKnownFileType = image.png; path = Icon.png; sourceTree = "<group>"; };
		E19F7D56146D163D005F151D /* Icon@2x.png */ = {isa = PBXFileReference; lastKnownFileType = image.png; path = "Icon@2x.png"; sourceTree = "<group>"; };
		E19F7D5B146D212D005F151D /* RecordCell.xib */ = {isa = PBXFileReference; fileEncoding = 4; lastKnownFileType = file.xib; name = RecordCell.xib; path = Bancha/RecordCell.xib; sourceTree = "<group>"; };
		E19F7D5D146D24F2005F151D /* RecordCell.h */ = {isa = PBXFileReference; fileEncoding = 4; lastKnownFileType = sourcecode.c.h; path = RecordCell.h; sourceTree = "<group>"; };
		E19F7D5E146D24F2005F151D /* RecordCell.m */ = {isa = PBXFileReference; fileEncoding = 4; lastKnownFileType = sourcecode.c.objc; path = RecordCell.m; sourceTree = "<group>"; };
		E19F7D60146D3687005F151D /* NSString+HexColor.h */ = {isa = PBXFileReference; fileEncoding = 4; lastKnownFileType = sourcecode.c.h; path = "NSString+HexColor.h"; sourceTree = "<group>"; };
		E19F7D61146D3687005F151D /* NSString+HexColor.m */ = {isa = PBXFileReference; fileEncoding = 4; lastKnownFileType = sourcecode.c.objc; path = "NSString+HexColor.m"; sourceTree = "<group>"; };
		E1DB8C7A14993FBA00BB6696 /* MBProgressHUD.h */ = {isa = PBXFileReference; fileEncoding = 4; lastKnownFileType = sourcecode.c.h; path = MBProgressHUD.h; sourceTree = "<group>"; };
		E1DB8C7B14993FBA00BB6696 /* MBProgressHUD.m */ = {isa = PBXFileReference; fileEncoding = 4; lastKnownFileType = sourcecode.c.objc; path = MBProgressHUD.m; sourceTree = "<group>"; };
		E1EF1E80147282040081D29B /* RecordEditNavigationController.h */ = {isa = PBXFileReference; fileEncoding = 4; lastKnownFileType = sourcecode.c.h; path = RecordEditNavigationController.h; sourceTree = "<group>"; };
		E1EF1E81147282040081D29B /* RecordEditNavigationController.m */ = {isa = PBXFileReference; fileEncoding = 4; lastKnownFileType = sourcecode.c.objc; path = RecordEditNavigationController.m; sourceTree = "<group>"; };
		F87266BA145EF4E200B775D3 /* TwitterSearchClient.h */ = {isa = PBXFileReference; fileEncoding = 4; lastKnownFileType = sourcecode.c.h; path = TwitterSearchClient.h; sourceTree = "<group>"; };
		F87266BB145EF4E200B775D3 /* TwitterSearchClient.m */ = {isa = PBXFileReference; fileEncoding = 4; lastKnownFileType = sourcecode.c.objc; path = TwitterSearchClient.m; sourceTree = "<group>"; };
/* End PBXFileReference section */

/* Begin PBXFrameworksBuildPhase section */
		09885E8D1418F2E500CCE17A /* Frameworks */ = {
			isa = PBXFrameworksBuildPhase;
			buildActionMask = 2147483647;
			files = (
				09507B261459B92800CEBABF /* CoreGraphics.framework in Frameworks */,
				09270769141E52BB00E778AE /* CoreLocation.framework in Frameworks */,
				0927075E141E4C7800E778AE /* MapKit.framework in Frameworks */,
				09885F451419009200CCE17A /* QuartzCore.framework in Frameworks */,
				09885E951418F2E500CCE17A /* UIKit.framework in Frameworks */,
				09885E971418F2E500CCE17A /* Foundation.framework in Frameworks */,
			);
			runOnlyForDeploymentPostprocessing = 0;
		};
/* End PBXFrameworksBuildPhase section */

/* Begin PBXGroup section */
		092D3D29145AE52F002F5F6C /* AFURLCache */ = {
			isa = PBXGroup;
			children = (
				092D3D2A145AE54E002F5F6C /* AFURLCache.h */,
				092D3D2B145AE54E002F5F6C /* AFURLCache.m */,
			);
			name = AFURLCache;
			sourceTree = "<group>";
		};
		093EC375145B0DE90010CDBB /* AFNetworking */ = {
			isa = PBXGroup;
			children = (
				093EC376145B0DE90010CDBB /* AFHTTPClient.h */,
				093EC377145B0DE90010CDBB /* AFHTTPClient.m */,
				093EC378145B0DE90010CDBB /* AFHTTPRequestOperation.h */,
				093EC379145B0DE90010CDBB /* AFHTTPRequestOperation.m */,
				093EC37A145B0DE90010CDBB /* AFImageCache.h */,
				093EC37B145B0DE90010CDBB /* AFImageCache.m */,
				093EC37C145B0DE90010CDBB /* AFImageRequestOperation.h */,
				093EC37D145B0DE90010CDBB /* AFImageRequestOperation.m */,
				093EC37E145B0DE90010CDBB /* AFJSONRequestOperation.h */,
				093EC37F145B0DE90010CDBB /* AFJSONRequestOperation.m */,
				093EC380145B0DE90010CDBB /* AFNetworkActivityIndicatorManager.h */,
				093EC381145B0DE90010CDBB /* AFNetworkActivityIndicatorManager.m */,
				093EC382145B0DE90010CDBB /* AFNetworking.h */,
				093EC383145B0DE90010CDBB /* AFPropertyListRequestOperation.h */,
				093EC384145B0DE90010CDBB /* AFPropertyListRequestOperation.m */,
				093EC385145B0DE90010CDBB /* AFURLConnectionOperation.h */,
				093EC386145B0DE90010CDBB /* AFURLConnectionOperation.m */,
				093EC387145B0DE90010CDBB /* AFXMLRequestOperation.h */,
				093EC388145B0DE90010CDBB /* AFXMLRequestOperation.m */,
				093EC389145B0DE90010CDBB /* UIImageView+AFNetworking.h */,
				093EC38A145B0DE90010CDBB /* UIImageView+AFNetworking.m */,
			);
			path = AFNetworking;
			sourceTree = "<group>";
		};
		09885E851418F2E500CCE17A = {
			isa = PBXGroup;
			children = (
				E19F7D56146D163D005F151D /* Icon@2x.png */,
				E19F7D54146D1639005F151D /* Icon.png */,
				E12A2FD51464276900E4249C /* Bancha */,
				09885E9A1418F2E600CCE17A /* IOSBoilerplate */,
				09885E931418F2E500CCE17A /* Frameworks */,
				09885E911418F2E500CCE17A /* Products */,
			);
			sourceTree = "<group>";
		};
		09885E911418F2E500CCE17A /* Products */ = {
			isa = PBXGroup;
			children = (
				09885E901418F2E500CCE17A /* Bancha.app */,
			);
			name = Products;
			sourceTree = "<group>";
		};
		09885E931418F2E500CCE17A /* Frameworks */ = {
			isa = PBXGroup;
			children = (
				C37BC8E3144C340600423D44 /* libz.dylib */,
				09885EEC1418F3F900CCE17A /* CFNetwork.framework */,
				09270768141E52BB00E778AE /* CoreLocation.framework */,
				09885E961418F2E500CCE17A /* Foundation.framework */,
				0927075D141E4C7800E778AE /* MapKit.framework */,
				09885EF11418F44200CCE17A /* MobileCoreServices.framework */,
				09885F441419009200CCE17A /* QuartzCore.framework */,
				09885EB51418F2E600CCE17A /* SenTestingKit.framework */,
				09885EEE1418F40200CCE17A /* SystemConfiguration.framework */,
				09885E941418F2E500CCE17A /* UIKit.framework */,
				09885E981418F2E600CCE17A /* CoreGraphics.framework */,
			);
			name = Frameworks;
			sourceTree = "<group>";
		};
		09885E9A1418F2E600CCE17A /* IOSBoilerplate */ = {
			isa = PBXGroup;
			children = (
				E1DB8C7E14993FBD00BB6696 /* MBProgress */,
				E15103C91464394200CEF7C1 /* quickdialog */,
				093EC375145B0DE90010CDBB /* AFNetworking */,
				092D3D29145AE52F002F5F6C /* AFURLCache */,
				D8EA24BD145BA45C00EB08B3 /* BrowserViewController */,
				09E442B7141F969400AD2DAE /* RefreshTableHeaderView */,
				09885F491419027D00CCE17A /* JSONKit */,
				09885F3E1418FFE000CCE17A /* SVProgressHUD */,
				09885EF61418F48F00CCE17A /* Helpers */,
				09885EA31418F2E600CCE17A /* IOSBoilerplateAppDelegate.h */,
				09885EA41418F2E600CCE17A /* IOSBoilerplateAppDelegate.m */,
				09885E9B1418F2E600CCE17A /* Supporting Files */,
			);
			path = IOSBoilerplate;
			sourceTree = "<group>";
		};
		09885E9B1418F2E600CCE17A /* Supporting Files */ = {
			isa = PBXGroup;
			children = (
				E19F7D58146D1725005F151D /* Interfaces */,
				E19F7D4F146D15FD005F151D /* Images */,
				09885E9C1418F2E600CCE17A /* IOSBoilerplate-Info.plist */,
				09885EA21418F2E600CCE17A /* IOSBoilerplate-Prefix.pch */,
				09885E9D1418F2E600CCE17A /* InfoPlist.strings */,
				09885EA01418F2E600CCE17A /* main.m */,
			);
			name = "Supporting Files";
			sourceTree = "<group>";
		};
		09885EF61418F48F00CCE17A /* Helpers */ = {
			isa = PBXGroup;
			children = (
				09885F46141901E700CCE17A /* DictionaryHelper.h */,
				09885F47141901E700CCE17A /* DictionaryHelper.m */,
				09885F5714190D7900CCE17A /* FastCell.h */,
				09885F5814190D7900CCE17A /* FastCell.m */,
				0927075F141E4E2B00E778AE /* StringHelper.h */,
				09270760141E4E2B00E778AE /* StringHelper.m */,
				09270762141E4EC900E778AE /* DataHelper.h */,
				09270763141E4EC900E778AE /* DataHelper.m */,
				09E442CE141F97AE00AD2DAE /* ListViewController.h */,
				09E442CF141F97AE00AD2DAE /* ListViewController.m */,
				F87266BA145EF4E200B775D3 /* TwitterSearchClient.h */,
				F87266BB145EF4E200B775D3 /* TwitterSearchClient.m */,
				E19F7D60146D3687005F151D /* NSString+HexColor.h */,
				E19F7D61146D3687005F151D /* NSString+HexColor.m */,
			);
			name = Helpers;
			sourceTree = "<group>";
		};
		09885F3E1418FFE000CCE17A /* SVProgressHUD */ = {
			isa = PBXGroup;
			children = (
				09885F3F1418FFE000CCE17A /* SVProgressHUD.bundle */,
				09885F401418FFE000CCE17A /* SVProgressHUD.h */,
				09885F411418FFE000CCE17A /* SVProgressHUD.m */,
			);
			path = SVProgressHUD;
			sourceTree = "<group>";
		};
		09885F491419027D00CCE17A /* JSONKit */ = {
			isa = PBXGroup;
			children = (
				09885F4A1419028D00CCE17A /* JSONKit.h */,
				09885F4B1419028D00CCE17A /* JSONKit.m */,
			);
			name = JSONKit;
			sourceTree = "<group>";
		};
		09E442B7141F969400AD2DAE /* RefreshTableHeaderView */ = {
			isa = PBXGroup;
			children = (
				09E442B9141F96A900AD2DAE /* EGORefreshTableHeaderView.h */,
				09E442BA141F96A900AD2DAE /* EGORefreshTableHeaderView.m */,
			);
			name = RefreshTableHeaderView;
			sourceTree = "<group>";
		};
		82FB9F05146C2994008CF0AA /* Contents */ = {
			isa = PBXGroup;
			children = (
				82B5F6E2146C0BE300C97A53 /* ContentsController.h */,
				82B5F6E3146C0BE300C97A53 /* ContentsController.m */,
				82FB9F01146C298E008CF0AA /* RecordListController.h */,
				82FB9F02146C298E008CF0AA /* RecordListController.m */,
				E1EF1E80147282040081D29B /* RecordEditNavigationController.h */,
				E1EF1E81147282040081D29B /* RecordEditNavigationController.m */,
				E104C8A4147171BF000F9065 /* RecordEditController.h */,
				E104C8A5147171C0000F9065 /* RecordEditController.m */,
				E19F7D5D146D24F2005F151D /* RecordCell.h */,
				E19F7D5E146D24F2005F151D /* RecordCell.m */,
			);
			name = Contents;
			sourceTree = "<group>";
		};
		D8EA24BD145BA45C00EB08B3 /* BrowserViewController */ = {
			isa = PBXGroup;
			children = (
				D8EA24BF145BA49100EB08B3 /* BrowserViewController.h */,
				D8EA24C0145BA49100EB08B3 /* BrowserViewController.m */,
				D8EA24C1145BA49100EB08B3 /* BrowserViewController.xib */,
				D8EA24C2145BA49100EB08B3 /* MyApplication.h */,
				D8EA24C3145BA49100EB08B3 /* MyApplication.m */,
				D8EA24C7145BA49900EB08B3 /* icons */,
			);
			name = BrowserViewController;
			sourceTree = "<group>";
		};
		D8EA24C7145BA49900EB08B3 /* icons */ = {
			isa = PBXGroup;
			children = (
				D8EA24C8145BA4AC00EB08B3 /* left.png */,
				D8EA24C9145BA4AC00EB08B3 /* left@2x.png */,
				D8EA24CA145BA4AC00EB08B3 /* right.png */,
				D8EA24CB145BA4AC00EB08B3 /* right@2x.png */,
			);
			name = icons;
			sourceTree = "<group>";
		};
		E12A2FD51464276900E4249C /* Bancha */ = {
			isa = PBXGroup;
			children = (
				E145EB1D147BC0D4004845F9 /* Custom Controls */,
				E151043C146446A900CEF7C1 /* Api.h */,
				E151043D146446A900CEF7C1 /* Api.m */,
				E15104391464427600CEF7C1 /* Constants.h */,
				E151043A1464427600CEF7C1 /* Constants.m */,
				E12A2FD61464279500E4249C /* LoginController.h */,
				E12A2FD71464279500E4249C /* LoginController.m */,
				827F6434146BD3CC001AE249 /* TabsController.h */,
				827F6435146BD3CC001AE249 /* TabsController.m */,
				828D65F7146BDEBB009F8014 /* SettingsController.h */,
				828D65F8146BDEBB009F8014 /* SettingsController.m */,
				82FB9F05146C2994008CF0AA /* Contents */,
			);
			name = Bancha;
			path = IOSBoilerplate/Bancha;
			sourceTree = "<group>";
		};
		E145EB1D147BC0D4004845F9 /* Custom Controls */ = {
			isa = PBXGroup;
			children = (
				E145EB1E147BC19A004845F9 /* SideAlert.h */,
				E145EB1F147BC19A004845F9 /* SideAlert.m */,
				E16AF80F1499F42600A548C8 /* BanchaNavigationBar.h */,
				E16AF8101499F42600A548C8 /* BanchaNavigationBar.m */,
			);
			name = "Custom Controls";
			sourceTree = "<group>";
		};
		E15103C91464394200CEF7C1 /* quickdialog */ = {
			isa = PBXGroup;
			children = (
				E15103CA1464394200CEF7C1 /* QBadgeElement.h */,
				E15103CB1464394200CEF7C1 /* QBadgeElement.m */,
				E15103CC1464394200CEF7C1 /* QBadgeTableCell.h */,
				E15103CD1464394200CEF7C1 /* QBadgeTableCell.m */,
				E15103CE1464394200CEF7C1 /* QBooleanElement.h */,
				E15103CF1464394200CEF7C1 /* QBooleanElement.m */,
				E15103D01464394200CEF7C1 /* QButtonElement.h */,
				E15103D11464394200CEF7C1 /* QButtonElement.m */,
				E15103D21464394200CEF7C1 /* QDateEntryTableViewCell.h */,
				E15103D31464394200CEF7C1 /* QDateEntryTableViewCell.m */,
				E15103D41464394200CEF7C1 /* QDateTimeElement.h */,
				E15103D51464394200CEF7C1 /* QDateTimeElement.m */,
				E15103D61464394200CEF7C1 /* QDateTimeInlineElement.h */,
				E15103D71464394200CEF7C1 /* QDateTimeInlineElement.m */,
				E15103D81464394200CEF7C1 /* QDecimalElement.h */,
				E15103D91464394200CEF7C1 /* QDecimalElement.m */,
				E15103DA1464394200CEF7C1 /* QDecimalTableViewCell.h */,
				E15103DB1464394200CEF7C1 /* QDecimalTableViewCell.m */,
				E15103DC1464394200CEF7C1 /* QElement.h */,
				E15103DD1464394200CEF7C1 /* QElement.m */,
				E15103DE1464394200CEF7C1 /* QEmptyListElement.h */,
				E15103DF1464394200CEF7C1 /* QEmptyListElement.m */,
				E15103E01464394200CEF7C1 /* QEntryElement.h */,
				E15103E11464394200CEF7C1 /* QEntryElement.m */,
				E15103E21464394200CEF7C1 /* QEntryTableViewCell.h */,
				E15103E31464394200CEF7C1 /* QEntryTableViewCell.m */,
				E15103E41464394200CEF7C1 /* QFloatElement.h */,
				E15103E51464394200CEF7C1 /* QFloatElement.m */,
				E15103E61464394200CEF7C1 /* QLabelElement.h */,
				E15103E71464394200CEF7C1 /* QLabelElement.m */,
				E15103E81464394200CEF7C1 /* QMapAnnotation.h */,
				E15103E91464394200CEF7C1 /* QMapAnnotation.m */,
				E15103EA1464394200CEF7C1 /* QMapElement.h */,
				E15103EB1464394200CEF7C1 /* QMapElement.m */,
				E15103EC1464394200CEF7C1 /* QMapViewController.h */,
				E15103ED1464394200CEF7C1 /* QMapViewController.m */,
				E15103EE1464394200CEF7C1 /* QRadioElement.h */,
				E15103EF1464394200CEF7C1 /* QRadioElement.m */,
				E15103F01464394200CEF7C1 /* QRadioItemElement.h */,
				E15103F11464394200CEF7C1 /* QRadioItemElement.m */,
				E15103F21464394200CEF7C1 /* QRadioSection.h */,
				E15103F31464394200CEF7C1 /* QRadioSection.m */,
				E15103F41464394200CEF7C1 /* QRootElement+JSONBuilder.h */,
				E15103F51464394200CEF7C1 /* QRootElement+JSONBuilder.m */,
				E15103F61464394200CEF7C1 /* QRootElement.h */,
				E15103F71464394200CEF7C1 /* QRootElement.m */,
				E15103F81464394200CEF7C1 /* QSection.h */,
				E15103F91464394200CEF7C1 /* QSection.m */,
				E15103FA1464394200CEF7C1 /* QSortingSection.h */,
				E15103FB1464394200CEF7C1 /* QSortingSection.m */,
				E15103FC1464394200CEF7C1 /* QTextElement.h */,
				E15103FD1464394200CEF7C1 /* QTextElement.m */,
				E15103FE1464394200CEF7C1 /* QuickDialog.h */,
				E15103FF1464394200CEF7C1 /* QuickDialogController+Loading.h */,
				E15104001464394200CEF7C1 /* QuickDialogController+Loading.m */,
				E15104011464394200CEF7C1 /* QuickDialogController.h */,
				E15104021464394200CEF7C1 /* QuickDialogController.m */,
				E15104031464394200CEF7C1 /* QuickDialogDataSource.h */,
				E15104041464394200CEF7C1 /* QuickDialogDataSource.m */,
				E15104051464394200CEF7C1 /* QuickDialogStyleProvider.h */,
				E15104061464394200CEF7C1 /* QuickDialogTableDelegate.h */,
				E15104071464394200CEF7C1 /* QuickDialogTableDelegate.m */,
				E15104081464394200CEF7C1 /* QuickDialogTableView.h */,
				E15104091464394200CEF7C1 /* QuickDialogTableView.m */,
				E151040A1464394200CEF7C1 /* quickform-Prefix.pch */,
				E151040B1464394200CEF7C1 /* QWebElement.h */,
				E151040C1464394200CEF7C1 /* QWebElement.m */,
				E151040D1464394200CEF7C1 /* QWebViewController.h */,
				E151040E1464394200CEF7C1 /* QWebViewController.m */,
			);
			path = quickdialog;
			sourceTree = "<group>";
		};
		E19F7D4F146D15FD005F151D /* Images */ = {
			isa = PBXGroup;
			children = (
				E17678A9149A252300BA882F /* logo@2x.png */,
				E17678AA149A252300BA882F /* input@2x.png */,
				E17678AB149A252300BA882F /* btn_green@2x.png */,
				E17678AC149A252300BA882F /* grain@2x.png */,
				E17678AD149A252300BA882F /* topbar@2x.png */,
				E176789F149A22DB00BA882F /* logo.png */,
				E17678A0149A22DB00BA882F /* input.png */,
				E17678A1149A22DB00BA882F /* btn_green.png */,
				E17678A2149A22DB00BA882F /* grain.png */,
				E17678A3149A22DB00BA882F /* topbar.png */,
				E104C8A014716990000F9065 /* document_stroke_16x16.png */,
				E104C8A114716990000F9065 /* trash_stroke_12x12.png */,
				82D05AA4147D0A1100425217 /* btnGreen.png */,
				82D05AA5147D0A1100425217 /* btnGreen@2x.png */,
				82D05AA6147D0A1200425217 /* btnGrey.png */,
				82D05AA7147D0A1200425217 /* btnGrey@2x.png */,
				82D05AA8147D0A1200425217 /* btnOrange.png */,
				82D05AA9147D0A1200425217 /* btnOrange@2x.png */,
				E145EB1B147BBE84004845F9 /* bg_cell.png */,
				82D05AB0147D0F1D00425217 /* bg_cell_alt.png */,
				82D05AA2147D070800425217 /* bg_cellext.png */,
				E104C89E147168BA000F9065 /* pen_alt_stroke_12x12.png */,
				E151043314643F9200CEF7C1 /* grain.gif */,
				E15104351464408300CEF7C1 /* logo_shadow.png */,
				09E442BE141F970400AD2DAE /* blackArrow.png */,
				09E442BF141F970400AD2DAE /* blackArrow@2x.png */,
				09E442C0141F970400AD2DAE /* blueArrow.png */,
				09E442C1141F970400AD2DAE /* blueArrow@2x.png */,
				09E442C2141F970400AD2DAE /* grayArrow.png */,
				09E442C3141F970400AD2DAE /* grayArrow@2x.png */,
				09E442C4141F970400AD2DAE /* whiteArrow.png */,
				09E442C5141F970400AD2DAE /* whiteArrow@2x.png */,
			);
			path = Images;
			sourceTree = "<group>";
		};
		E19F7D58146D1725005F151D /* Interfaces */ = {
			isa = PBXGroup;
			children = (
				09885EA61418F2E600CCE17A /* MainWindow.xib */,
				E19F7D5B146D212D005F151D /* RecordCell.xib */,
			);
			name = Interfaces;
			sourceTree = "<group>";
		};
		E1DB8C7E14993FBD00BB6696 /* MBProgress */ = {
			isa = PBXGroup;
			children = (
				E1DB8C7A14993FBA00BB6696 /* MBProgressHUD.h */,
				E1DB8C7B14993FBA00BB6696 /* MBProgressHUD.m */,
			);
			name = MBProgress;
			sourceTree = "<group>";
		};
/* End PBXGroup section */

/* Begin PBXNativeTarget section */
		09885E8F1418F2E500CCE17A /* Bancha */ = {
			isa = PBXNativeTarget;
			buildConfigurationList = 09885EC81418F2E600CCE17A /* Build configuration list for PBXNativeTarget "Bancha" */;
			buildPhases = (
				09885E8C1418F2E500CCE17A /* Sources */,
				09885E8D1418F2E500CCE17A /* Frameworks */,
				09885E8E1418F2E500CCE17A /* Resources */,
			);
			buildRules = (
				E1FCEC17147A8B5E0095528A /* PBXBuildRule */,
			);
			dependencies = (
			);
			name = Bancha;
			productName = IOSBoilerplate;
			productReference = 09885E901418F2E500CCE17A /* Bancha.app */;
			productType = "com.apple.product-type.application";
		};
/* End PBXNativeTarget section */

/* Begin PBXProject section */
		09885E871418F2E500CCE17A /* Project object */ = {
			isa = PBXProject;
			attributes = {
				LastUpgradeCheck = 0420;
			};
			buildConfigurationList = 09885E8A1418F2E500CCE17A /* Build configuration list for PBXProject "Bancha" */;
			compatibilityVersion = "Xcode 3.2";
			developmentRegion = English;
			hasScannedForEncodings = 0;
			knownRegions = (
				en,
			);
			mainGroup = 09885E851418F2E500CCE17A;
			productRefGroup = 09885E911418F2E500CCE17A /* Products */;
			projectDirPath = "";
			projectRoot = "";
			targets = (
				09885E8F1418F2E500CCE17A /* Bancha */,
			);
		};
/* End PBXProject section */

/* Begin PBXResourcesBuildPhase section */
		09885E8E1418F2E500CCE17A /* Resources */ = {
			isa = PBXResourcesBuildPhase;
			buildActionMask = 2147483647;
			files = (
				09885E9F1418F2E600CCE17A /* InfoPlist.strings in Resources */,
				09885EA81418F2E600CCE17A /* MainWindow.xib in Resources */,
				09885F421418FFE000CCE17A /* SVProgressHUD.bundle in Resources */,
				09E442C6141F970400AD2DAE /* blackArrow.png in Resources */,
				09E442C7141F970400AD2DAE /* blackArrow@2x.png in Resources */,
				09E442C8141F970400AD2DAE /* blueArrow.png in Resources */,
				09E442C9141F970400AD2DAE /* blueArrow@2x.png in Resources */,
				09E442CA141F970400AD2DAE /* grayArrow.png in Resources */,
				09E442CB141F970400AD2DAE /* grayArrow@2x.png in Resources */,
				09E442CC141F970400AD2DAE /* whiteArrow.png in Resources */,
				09E442CD141F970400AD2DAE /* whiteArrow@2x.png in Resources */,
				D8EA24C5145BA49100EB08B3 /* BrowserViewController.xib in Resources */,
				D8EA24CC145BA4AC00EB08B3 /* left.png in Resources */,
				D8EA24CD145BA4AC00EB08B3 /* left@2x.png in Resources */,
				D8EA24CE145BA4AC00EB08B3 /* right.png in Resources */,
				D8EA24CF145BA4AC00EB08B3 /* right@2x.png in Resources */,
				E151043414643F9200CEF7C1 /* grain.gif in Resources */,
				E15104361464408300CEF7C1 /* logo_shadow.png in Resources */,
				E19F7D55146D1639005F151D /* Icon.png in Resources */,
				E19F7D57146D163D005F151D /* Icon@2x.png in Resources */,
				E19F7D5C146D212D005F151D /* RecordCell.xib in Resources */,
				E104C89F147168BA000F9065 /* pen_alt_stroke_12x12.png in Resources */,
				E104C8A214716990000F9065 /* document_stroke_16x16.png in Resources */,
				E104C8A314716990000F9065 /* trash_stroke_12x12.png in Resources */,
				E145EB1C147BBE84004845F9 /* bg_cell.png in Resources */,
				82D05AA3147D070800425217 /* bg_cellext.png in Resources */,
				82D05AAA147D0A1200425217 /* btnGreen.png in Resources */,
				82D05AAB147D0A1200425217 /* btnGreen@2x.png in Resources */,
				82D05AAC147D0A1200425217 /* btnGrey.png in Resources */,
				82D05AAD147D0A1200425217 /* btnGrey@2x.png in Resources */,
				82D05AAE147D0A1200425217 /* btnOrange.png in Resources */,
				82D05AAF147D0A1200425217 /* btnOrange@2x.png in Resources */,
				82D05AB1147D0F1D00425217 /* bg_cell_alt.png in Resources */,
				E17678A4149A22DB00BA882F /* logo.png in Resources */,
				E17678A5149A22DB00BA882F /* input.png in Resources */,
				E17678A6149A22DB00BA882F /* btn_green.png in Resources */,
				E17678A7149A22DB00BA882F /* grain.png in Resources */,
				E17678A8149A22DB00BA882F /* topbar.png in Resources */,
				E17678AE149A252300BA882F /* logo@2x.png in Resources */,
				E17678AF149A252300BA882F /* input@2x.png in Resources */,
				E17678B0149A252300BA882F /* btn_green@2x.png in Resources */,
				E17678B1149A252300BA882F /* grain@2x.png in Resources */,
				E17678B2149A252300BA882F /* topbar@2x.png in Resources */,
			);
			runOnlyForDeploymentPostprocessing = 0;
		};
/* End PBXResourcesBuildPhase section */

/* Begin PBXSourcesBuildPhase section */
		09885E8C1418F2E500CCE17A /* Sources */ = {
			isa = PBXSourcesBuildPhase;
			buildActionMask = 2147483647;
			files = (
				09885EA11418F2E600CCE17A /* main.m in Sources */,
				09885EA51418F2E600CCE17A /* IOSBoilerplateAppDelegate.m in Sources */,
				09885F431418FFE000CCE17A /* SVProgressHUD.m in Sources */,
				09885F48141901E700CCE17A /* DictionaryHelper.m in Sources */,
				09885F4C1419028D00CCE17A /* JSONKit.m in Sources */,
				09885F5914190D7900CCE17A /* FastCell.m in Sources */,
				09270761141E4E2B00E778AE /* StringHelper.m in Sources */,
				09270764141E4EC900E778AE /* DataHelper.m in Sources */,
				09E442BB141F96A900AD2DAE /* EGORefreshTableHeaderView.m in Sources */,
				09E442D0141F97AE00AD2DAE /* ListViewController.m in Sources */,
				092D3D2C145AE54E002F5F6C /* AFURLCache.m in Sources */,
				093EC38B145B0DE90010CDBB /* AFHTTPClient.m in Sources */,
				093EC38C145B0DE90010CDBB /* AFHTTPRequestOperation.m in Sources */,
				093EC38D145B0DE90010CDBB /* AFImageCache.m in Sources */,
				093EC38E145B0DE90010CDBB /* AFImageRequestOperation.m in Sources */,
				093EC38F145B0DE90010CDBB /* AFJSONRequestOperation.m in Sources */,
				093EC390145B0DE90010CDBB /* AFNetworkActivityIndicatorManager.m in Sources */,
				093EC391145B0DE90010CDBB /* AFPropertyListRequestOperation.m in Sources */,
				093EC392145B0DE90010CDBB /* AFURLConnectionOperation.m in Sources */,
				093EC393145B0DE90010CDBB /* AFXMLRequestOperation.m in Sources */,
				093EC394145B0DE90010CDBB /* UIImageView+AFNetworking.m in Sources */,
				D8EA24C4145BA49100EB08B3 /* BrowserViewController.m in Sources */,
				D8EA24C6145BA49100EB08B3 /* MyApplication.m in Sources */,
				F87266BC145EF4E200B775D3 /* TwitterSearchClient.m in Sources */,
				E12A2FD81464279500E4249C /* LoginController.m in Sources */,
				E151040F1464394200CEF7C1 /* QBadgeElement.m in Sources */,
				E15104101464394200CEF7C1 /* QBadgeTableCell.m in Sources */,
				E15104111464394200CEF7C1 /* QBooleanElement.m in Sources */,
				E15104121464394200CEF7C1 /* QButtonElement.m in Sources */,
				E15104131464394200CEF7C1 /* QDateEntryTableViewCell.m in Sources */,
				E15104141464394200CEF7C1 /* QDateTimeElement.m in Sources */,
				E15104151464394200CEF7C1 /* QDateTimeInlineElement.m in Sources */,
				E15104161464394200CEF7C1 /* QDecimalElement.m in Sources */,
				E15104171464394200CEF7C1 /* QDecimalTableViewCell.m in Sources */,
				E15104181464394200CEF7C1 /* QElement.m in Sources */,
				E15104191464394200CEF7C1 /* QEmptyListElement.m in Sources */,
				E151041A1464394200CEF7C1 /* QEntryElement.m in Sources */,
				E151041B1464394200CEF7C1 /* QEntryTableViewCell.m in Sources */,
				E151041C1464394200CEF7C1 /* QFloatElement.m in Sources */,
				E151041D1464394200CEF7C1 /* QLabelElement.m in Sources */,
				E151041E1464394200CEF7C1 /* QMapAnnotation.m in Sources */,
				E151041F1464394200CEF7C1 /* QMapElement.m in Sources */,
				E15104201464394200CEF7C1 /* QMapViewController.m in Sources */,
				E15104211464394200CEF7C1 /* QRadioElement.m in Sources */,
				E15104221464394200CEF7C1 /* QRadioItemElement.m in Sources */,
				E15104231464394200CEF7C1 /* QRadioSection.m in Sources */,
				E15104241464394200CEF7C1 /* QRootElement+JSONBuilder.m in Sources */,
				E15104251464394200CEF7C1 /* QRootElement.m in Sources */,
				E15104261464394200CEF7C1 /* QSection.m in Sources */,
				E15104271464394200CEF7C1 /* QSortingSection.m in Sources */,
				E15104281464394200CEF7C1 /* QTextElement.m in Sources */,
				E15104291464394200CEF7C1 /* QuickDialogController+Loading.m in Sources */,
				E151042A1464394200CEF7C1 /* QuickDialogController.m in Sources */,
				E151042B1464394200CEF7C1 /* QuickDialogDataSource.m in Sources */,
				E151042C1464394200CEF7C1 /* QuickDialogTableDelegate.m in Sources */,
				E151042D1464394200CEF7C1 /* QuickDialogTableView.m in Sources */,
				E151042E1464394200CEF7C1 /* QWebElement.m in Sources */,
				E151042F1464394200CEF7C1 /* QWebViewController.m in Sources */,
				E151043B1464427600CEF7C1 /* Constants.m in Sources */,
				E151043E146446A900CEF7C1 /* Api.m in Sources */,
				827F6436146BD3CC001AE249 /* TabsController.m in Sources */,
				828D65F9146BDEBB009F8014 /* SettingsController.m in Sources */,
				82B5F6E4146C0BE300C97A53 /* ContentsController.m in Sources */,
				82FB9F03146C298E008CF0AA /* RecordListController.m in Sources */,
				E19F7D5F146D24F2005F151D /* RecordCell.m in Sources */,
				E19F7D62146D3687005F151D /* NSString+HexColor.m in Sources */,
				E104C8A6147171C0000F9065 /* RecordEditController.m in Sources */,
				E1EF1E82147282040081D29B /* RecordEditNavigationController.m in Sources */,
				E145EB20147BC19A004845F9 /* SideAlert.m in Sources */,
				E1DB8C7C14993FBA00BB6696 /* MBProgressHUD.m in Sources */,
				E16AF8111499F42600A548C8 /* BanchaNavigationBar.m in Sources */,
			);
			runOnlyForDeploymentPostprocessing = 0;
		};
/* End PBXSourcesBuildPhase section */

/* Begin PBXVariantGroup section */
		09885E9D1418F2E600CCE17A /* InfoPlist.strings */ = {
			isa = PBXVariantGroup;
			children = (
				09885E9E1418F2E600CCE17A /* en */,
			);
			name = InfoPlist.strings;
			sourceTree = "<group>";
		};
		09885EA61418F2E600CCE17A /* MainWindow.xib */ = {
			isa = PBXVariantGroup;
			children = (
				09885EA71418F2E600CCE17A /* en */,
			);
			name = MainWindow.xib;
			sourceTree = "<group>";
		};
/* End PBXVariantGroup section */

/* Begin XCBuildConfiguration section */
		09885EC61418F2E600CCE17A /* Debug */ = {
			isa = XCBuildConfiguration;
			buildSettings = {
				ALWAYS_SEARCH_USER_PATHS = NO;
				ARCHS = "$(ARCHS_STANDARD_32_BIT)";
				CODE_SIGN_IDENTITY = "iPhone Developer";
				"CODE_SIGN_IDENTITY[sdk=iphoneos*]" = "iPhone Developer";
				COPY_PHASE_STRIP = NO;
				GCC_C_LANGUAGE_STANDARD = gnu99;
				GCC_DYNAMIC_NO_PIC = NO;
				GCC_OPTIMIZATION_LEVEL = 0;
				GCC_PREPROCESSOR_DEFINITIONS = (
					"DEBUG=1",
					"$(inherited)",
				);
				GCC_SYMBOLS_PRIVATE_EXTERN = NO;
				GCC_VERSION = com.apple.compilers.llvm.clang.1_0;
				GCC_WARN_ABOUT_MISSING_PROTOTYPES = YES;
				GCC_WARN_ABOUT_RETURN_TYPE = YES;
				GCC_WARN_UNUSED_VARIABLE = YES;
				IPHONEOS_DEPLOYMENT_TARGET = 4.3;
				PROVISIONING_PROFILE = "";
				SDKROOT = iphoneos;
			};
			name = Debug;
		};
		09885EC71418F2E600CCE17A /* Release */ = {
			isa = XCBuildConfiguration;
			buildSettings = {
				ALWAYS_SEARCH_USER_PATHS = NO;
				ARCHS = "$(ARCHS_STANDARD_32_BIT)";
				CODE_SIGN_IDENTITY = "iPhone Distribution";
				"CODE_SIGN_IDENTITY[sdk=iphoneos*]" = "iPhone Distribution";
				COPY_PHASE_STRIP = YES;
				GCC_C_LANGUAGE_STANDARD = gnu99;
				GCC_VERSION = com.apple.compilers.llvm.clang.1_0;
				GCC_WARN_ABOUT_MISSING_PROTOTYPES = YES;
				GCC_WARN_ABOUT_RETURN_TYPE = YES;
				GCC_WARN_UNUSED_VARIABLE = YES;
				IPHONEOS_DEPLOYMENT_TARGET = 4.3;
				OTHER_CFLAGS = "-DNS_BLOCK_ASSERTIONS=1";
				PROVISIONING_PROFILE = "";
				"PROVISIONING_PROFILE[sdk=iphoneos*]" = "";
				SDKROOT = iphoneos;
				VALIDATE_PRODUCT = YES;
			};
			name = Release;
		};
		09885EC91418F2E600CCE17A /* Debug */ = {
			isa = XCBuildConfiguration;
			buildSettings = {
				CODE_SIGN_IDENTITY = "iPhone Developer";
				GCC_PRECOMPILE_PREFIX_HEADER = YES;
				GCC_PREFIX_HEADER = "IOSBoilerplate/IOSBoilerplate-Prefix.pch";
				GCC_VERSION = com.apple.compilers.llvm.clang.1_0;
				INFOPLIST_FILE = "IOSBoilerplate/IOSBoilerplate-Info.plist";
				IPHONEOS_DEPLOYMENT_TARGET = 4.3;
				LIBRARY_SEARCH_PATHS = (
					"$(inherited)",
					"\"$(SRCROOT)/IOSBoilerplate\"",
					"\"$(SRCROOT)/../../Desktop/Debug-iphoneos\"",
					"\"$(SRCROOT)/../../Desktop\"",
					"\"$(SRCROOT)\"",
				);
				PRODUCT_NAME = Bancha;
				PROVISIONING_PROFILE = "";
				WRAPPER_EXTENSION = app;
			};
			name = Debug;
		};
		09885ECA1418F2E600CCE17A /* Release */ = {
			isa = XCBuildConfiguration;
			buildSettings = {
				CODE_SIGN_IDENTITY = "iPhone Developer";
				GCC_PRECOMPILE_PREFIX_HEADER = YES;
				GCC_PREFIX_HEADER = "IOSBoilerplate/IOSBoilerplate-Prefix.pch";
				GCC_VERSION = com.apple.compilers.llvm.clang.1_0;
				INFOPLIST_FILE = "IOSBoilerplate/IOSBoilerplate-Info.plist";
				IPHONEOS_DEPLOYMENT_TARGET = 4.3;
				LIBRARY_SEARCH_PATHS = (
					"$(inherited)",
					"\"$(SRCROOT)/IOSBoilerplate\"",
					"\"$(SRCROOT)/../../Desktop/Debug-iphoneos\"",
					"\"$(SRCROOT)/../../Desktop\"",
					"\"$(SRCROOT)\"",
				);
				PRODUCT_NAME = Bancha;
				PROVISIONING_PROFILE = "";
				WRAPPER_EXTENSION = app;
			};
			name = Release;
		};
/* End XCBuildConfiguration section */

/* Begin XCConfigurationList section */
		09885E8A1418F2E500CCE17A /* Build configuration list for PBXProject "Bancha" */ = {
			isa = XCConfigurationList;
			buildConfigurations = (
				09885EC61418F2E600CCE17A /* Debug */,
				09885EC71418F2E600CCE17A /* Release */,
			);
			defaultConfigurationIsVisible = 0;
			defaultConfigurationName = Release;
		};
		09885EC81418F2E600CCE17A /* Build configuration list for PBXNativeTarget "Bancha" */ = {
			isa = XCConfigurationList;
			buildConfigurations = (
				09885EC91418F2E600CCE17A /* Debug */,
				09885ECA1418F2E600CCE17A /* Release */,
			);
			defaultConfigurationIsVisible = 0;
			defaultConfigurationName = Release;
		};
/* End XCConfigurationList section */
	};
	rootObject = 09885E871418F2E500CCE17A /* Project object */;
}
